
Microsoft Visual Studio Solution File, Format Version 12.00
# Visual Studio Version 17
VisualStudioVersion = 17.2.32630.192
MinimumVisualStudioVersion = 10.0.40219.1
Project("{9A19103F-16F7-4668-BE54-9A1E7A4F7556}") = "R5T.S0061.Deploy", "R5T.S0061.Deploy\R5T.S0061.Deploy.csproj", "{56DFE10E-2B7F-4B99-8C84-9D154F8D65B4}"
EndProject
Project("{2150E333-8FDC-42A3-9474-1A3956D46DE8}") = "_Dependencies", "_Dependencies", "{099FF8AD-92BF-4BBD-BE83-2CC8ABB2546E}"
EndProject
Project("{9A19103F-16F7-4668-BE54-9A1E7A4F7556}") = "R5T.F0000", "..\..\R5T.F0000\source\R5T.F0000\R5T.F0000.csproj", "{161A8D7F-A4DC-4293-B682-F2302FB6AD44}"
EndProject
Project("{9A19103F-16F7-4668-BE54-9A1E7A4F7556}") = "R5T.F0002", "..\..\R5T.F0002\source\R5T.F0002\R5T.F0002.csproj", "{5DC047A2-EE6C-4842-AE2B-8A855CC24601}"
EndProject
Project("{9A19103F-16F7-4668-BE54-9A1E7A4F7556}") = "R5T.F0016.F001", "..\..\R5T.F0016\source\R5T.F0016.F001\R5T.F0016.F001.csproj", "{703CC3C0-6C8C-49AC-8D63-E2ECB27C8D79}"
EndProject
Project("{9A19103F-16F7-4668-BE54-9A1E7A4F7556}") = "R5T.F0016", "..\..\R5T.F0016\source\R5T.F0016\R5T.F0016.csproj", "{94A42DBB-2130-4208-A963-552CB00EE297}"
EndProject
Project("{9A19103F-16F7-4668-BE54-9A1E7A4F7556}") = "R5T.F0020", "..\..\R5T.F0020\source\R5T.F0020\R5T.F0020.csproj", "{A880B810-F2C5-4F17-B4A3-3F92F33F6639}"
EndProject
Project("{9A19103F-16F7-4668-BE54-9A1E7A4F7556}") = "R5T.F0026", "..\..\R5T.F0026\source\R5T.F0026\R5T.F0026.csproj", "{32299E94-B498-4857-B0B4-FBA4D8F9B168}"
EndProject
Project("{9A19103F-16F7-4668-BE54-9A1E7A4F7556}") = "R5T.F0027", "..\..\R5T.F0027\source\R5T.F0027\R5T.F0027.csproj", "{DBDC7B3A-9358-48EF-90A4-BF590ED6CE2D}"
EndProject
Project("{9A19103F-16F7-4668-BE54-9A1E7A4F7556}") = "R5T.F0029", "..\..\R5T.F0029\source\R5T.F0029\R5T.F0029.csproj", "{A012129F-31E0-4554-994E-F2B2A36ABE54}"
EndProject
Project("{9A19103F-16F7-4668-BE54-9A1E7A4F7556}") = "R5T.F0030", "..\..\R5T.F0030\source\R5T.F0030\R5T.F0030.csproj", "{746573A9-28C0-462E-9DC6-8C28F8C4A516}"
EndProject
Project("{9A19103F-16F7-4668-BE54-9A1E7A4F7556}") = "R5T.F0034", "..\..\R5T.F0034\source\R5T.F0034\R5T.F0034.csproj", "{0C8533A0-D4A9-4E60-80DC-44B107327947}"
EndProject
Project("{9A19103F-16F7-4668-BE54-9A1E7A4F7556}") = "R5T.F0035", "..\..\R5T.F0035\source\R5T.F0035\R5T.F0035.csproj", "{1A76312A-A1FB-4E42-93D9-7AE1AEB0129E}"
EndProject
Project("{9A19103F-16F7-4668-BE54-9A1E7A4F7556}") = "R5T.F0040.F000", "..\..\R5T.F0040\source\R5T.F0040.F000\R5T.F0040.F000.csproj", "{1EDBC282-1352-4A6C-91A0-50625CD13C70}"
EndProject
Project("{9A19103F-16F7-4668-BE54-9A1E7A4F7556}") = "R5T.F0052", "..\..\R5T.F0052\source\R5T.F0052\R5T.F0052.csproj", "{E1A9CBD9-A91D-46BF-9155-8881B8508C0B}"
EndProject
Project("{9A19103F-16F7-4668-BE54-9A1E7A4F7556}") = "R5T.F0053", "..\..\R5T.F0053\source\R5T.F0053\R5T.F0053.csproj", "{20872254-9BB6-465D-9C22-3C3B7B6BA044}"
EndProject
Project("{9A19103F-16F7-4668-BE54-9A1E7A4F7556}") = "R5T.F0054", "..\..\R5T.F0054\source\R5T.F0054\R5T.F0054.csproj", "{24DC1B9F-11B6-4BF6-82D8-0E5DE952C776}"
EndProject
Project("{9A19103F-16F7-4668-BE54-9A1E7A4F7556}") = "R5T.F0076", "..\..\R5T.F0076\source\R5T.F0076\R5T.F0076.csproj", "{1819412C-928E-4BF3-BD71-F1635FDEA231}"
EndProject
Project("{9A19103F-16F7-4668-BE54-9A1E7A4F7556}") = "R5T.F0077", "..\..\R5T.F0077\source\R5T.F0077\R5T.F0077.csproj", "{AC9B5468-F9CD-4DA0-AFC9-E9BF868AC217}"
EndProject
Project("{9A19103F-16F7-4668-BE54-9A1E7A4F7556}") = "R5T.F0096", "..\..\R5T.F0096\source\R5T.F0096\R5T.F0096.csproj", "{79742213-9D53-4B37-97F6-0E70CB3D3E01}"
EndProject
Project("{9A19103F-16F7-4668-BE54-9A1E7A4F7556}") = "R5T.L0015", "..\..\R5T.L0015\source\R5T.L0015\R5T.L0015.csproj", "{56660335-1A49-43D1-AA1B-3051396FB469}"
EndProject
Project("{9A19103F-16F7-4668-BE54-9A1E7A4F7556}") = "R5T.L0024", "..\..\R5T.L0024\source\R5T.L0024\R5T.L0024.csproj", "{A4669D26-27D4-43DA-9278-E7C8BF7DC939}"
EndProject
Project("{9A19103F-16F7-4668-BE54-9A1E7A4F7556}") = "R5T.L0028", "..\..\R5T.L0028\source\R5T.L0028\R5T.L0028.csproj", "{ED556033-064F-4EEE-A8F3-A2CD5CAF8F9F}"
EndProject
Project("{9A19103F-16F7-4668-BE54-9A1E7A4F7556}") = "R5T.L0029", "..\..\R5T.L0029\source\R5T.L0029\R5T.L0029.csproj", "{E7840B0B-3B03-466B-8A2D-7D0A0F91327D}"
EndProject
Project("{9A19103F-16F7-4668-BE54-9A1E7A4F7556}") = "R5T.NG0002", "..\..\R5T.NG0002\source\R5T.NG0002\R5T.NG0002.csproj", "{75147998-225E-4265-B1D5-2D7CB906DF93}"
EndProject
Project("{9A19103F-16F7-4668-BE54-9A1E7A4F7556}") = "R5T.NG0003", "..\..\R5T.NG0003\source\R5T.NG0003\R5T.NG0003.csproj", "{AD40AE1A-6F88-4321-BBB0-29A525EC3CEF}"
EndProject
Project("{9A19103F-16F7-4668-BE54-9A1E7A4F7556}") = "R5T.NG0006", "..\..\R5T.NG0006\source\R5T.NG0006\R5T.NG0006.csproj", "{093E57E7-E4B8-4712-A2F5-F0ED4C3C2F5D}"
EndProject
Project("{9A19103F-16F7-4668-BE54-9A1E7A4F7556}") = "R5T.T0131", "..\..\R5T.T0131\source\R5T.T0131\R5T.T0131.csproj", "{DC95C932-EA37-4146-9A0C-D88CB6BEE968}"
EndProject
Project("{9A19103F-16F7-4668-BE54-9A1E7A4F7556}") = "R5T.T0132", "..\..\R5T.T0132\source\R5T.T0132\R5T.T0132.csproj", "{2AFEAE68-79D8-4E78-A14F-A0575A27289C}"
EndProject
Project("{9A19103F-16F7-4668-BE54-9A1E7A4F7556}") = "R5T.T0142", "..\..\R5T.T0142\source\R5T.T0142\R5T.T0142.csproj", "{7B2B8402-51BE-4891-BB54-D18D52FE3FDC}"
EndProject
Project("{9A19103F-16F7-4668-BE54-9A1E7A4F7556}") = "R5T.T0143", "..\..\R5T.T0143\source\R5T.T0143\R5T.T0143.csproj", "{79510684-80F2-4F8E-98FC-34866BA763B4}"
EndProject
Project("{9A19103F-16F7-4668-BE54-9A1E7A4F7556}") = "R5T.T0144", "..\..\R5T.T0144\source\R5T.T0144\R5T.T0144.csproj", "{CF23DF2B-EA2A-4397-90B3-8AD88807A339}"
EndProject
Project("{9A19103F-16F7-4668-BE54-9A1E7A4F7556}") = "R5T.T0145", "..\..\R5T.T0145\source\R5T.T0145\R5T.T0145.csproj", "{F58B7C2C-1BA3-4D3D-AB90-6D8322E720FE}"
EndProject
Project("{9A19103F-16F7-4668-BE54-9A1E7A4F7556}") = "R5T.T0152", "..\..\R5T.T0152\source\R5T.T0152\R5T.T0152.csproj", "{83BEAC48-D358-4F30-AB26-5ABEA4043064}"
EndProject
Project("{9A19103F-16F7-4668-BE54-9A1E7A4F7556}") = "R5T.T0156", "..\..\R5T.T0156\source\R5T.T0156\R5T.T0156.csproj", "{7B449B37-8180-4B6D-B821-26568D3A1CA3}"
EndProject
Project("{9A19103F-16F7-4668-BE54-9A1E7A4F7556}") = "R5T.Y0000", "..\..\R5T.Y0000\source\R5T.Y0000\R5T.Y0000.csproj", "{1A68A37E-2F14-41CE-93DA-4881706E9D18}"
EndProject
Project("{9A19103F-16F7-4668-BE54-9A1E7A4F7556}") = "R5T.Z0000", "..\..\R5T.Z0000\source\R5T.Z0000\R5T.Z0000.csproj", "{860BB764-138B-4056-910C-91144FA0FECE}"
EndProject
Project("{9A19103F-16F7-4668-BE54-9A1E7A4F7556}") = "R5T.Z0011", "..\..\R5T.Z0011\source\R5T.Z0011\R5T.Z0011.csproj", "{1459A445-26FF-41BB-816F-0092C9A0B96E}"
EndProject
Project("{9A19103F-16F7-4668-BE54-9A1E7A4F7556}") = "R5T.Z0017", "..\..\R5T.Z0017.Private\source\R5T.Z0017\R5T.Z0017.csproj", "{96FC4C8D-60F2-4A71-92BB-1476C8B8F64C}"
EndProject
Project("{9A19103F-16F7-4668-BE54-9A1E7A4F7556}") = "R5T.Z0024", "..\..\R5T.Z0024.Private\source\R5T.Z0024\R5T.Z0024.csproj", "{6253B089-E545-4F73-9B0F-D8DA6A3A1BD8}"
EndProject
Global
	GlobalSection(NestedProjects) = preSolution
		{161A8D7F-A4DC-4293-B682-F2302FB6AD44} = {099FF8AD-92BF-4BBD-BE83-2CC8ABB2546E}
		{5DC047A2-EE6C-4842-AE2B-8A855CC24601} = {099FF8AD-92BF-4BBD-BE83-2CC8ABB2546E}
		{703CC3C0-6C8C-49AC-8D63-E2ECB27C8D79} = {099FF8AD-92BF-4BBD-BE83-2CC8ABB2546E}
		{94A42DBB-2130-4208-A963-552CB00EE297} = {099FF8AD-92BF-4BBD-BE83-2CC8ABB2546E}
		{A880B810-F2C5-4F17-B4A3-3F92F33F6639} = {099FF8AD-92BF-4BBD-BE83-2CC8ABB2546E}
		{32299E94-B498-4857-B0B4-FBA4D8F9B168} = {099FF8AD-92BF-4BBD-BE83-2CC8ABB2546E}
		{DBDC7B3A-9358-48EF-90A4-BF590ED6CE2D} = {099FF8AD-92BF-4BBD-BE83-2CC8ABB2546E}
		{A012129F-31E0-4554-994E-F2B2A36ABE54} = {099FF8AD-92BF-4BBD-BE83-2CC8ABB2546E}
		{746573A9-28C0-462E-9DC6-8C28F8C4A516} = {099FF8AD-92BF-4BBD-BE83-2CC8ABB2546E}
		{0C8533A0-D4A9-4E60-80DC-44B107327947} = {099FF8AD-92BF-4BBD-BE83-2CC8ABB2546E}
		{1A76312A-A1FB-4E42-93D9-7AE1AEB0129E} = {099FF8AD-92BF-4BBD-BE83-2CC8ABB2546E}
		{1EDBC282-1352-4A6C-91A0-50625CD13C70} = {099FF8AD-92BF-4BBD-BE83-2CC8ABB2546E}
		{E1A9CBD9-A91D-46BF-9155-8881B8508C0B} = {099FF8AD-92BF-4BBD-BE83-2CC8ABB2546E}
		{20872254-9BB6-465D-9C22-3C3B7B6BA044} = {099FF8AD-92BF-4BBD-BE83-2CC8ABB2546E}
		{24DC1B9F-11B6-4BF6-82D8-0E5DE952C776} = {099FF8AD-92BF-4BBD-BE83-2CC8ABB2546E}
		{1819412C-928E-4BF3-BD71-F1635FDEA231} = {099FF8AD-92BF-4BBD-BE83-2CC8ABB2546E}
		{AC9B5468-F9CD-4DA0-AFC9-E9BF868AC217} = {099FF8AD-92BF-4BBD-BE83-2CC8ABB2546E}
		{79742213-9D53-4B37-97F6-0E70CB3D3E01} = {099FF8AD-92BF-4BBD-BE83-2CC8ABB2546E}
		{56660335-1A49-43D1-AA1B-3051396FB469} = {099FF8AD-92BF-4BBD-BE83-2CC8ABB2546E}
		{A4669D26-27D4-43DA-9278-E7C8BF7DC939} = {099FF8AD-92BF-4BBD-BE83-2CC8ABB2546E}
		{ED556033-064F-4EEE-A8F3-A2CD5CAF8F9F} = {099FF8AD-92BF-4BBD-BE83-2CC8ABB2546E}
		{E7840B0B-3B03-466B-8A2D-7D0A0F91327D} = {099FF8AD-92BF-4BBD-BE83-2CC8ABB2546E}
		{75147998-225E-4265-B1D5-2D7CB906DF93} = {099FF8AD-92BF-4BBD-BE83-2CC8ABB2546E}
		{AD40AE1A-6F88-4321-BBB0-29A525EC3CEF} = {099FF8AD-92BF-4BBD-BE83-2CC8ABB2546E}
		{093E57E7-E4B8-4712-A2F5-F0ED4C3C2F5D} = {099FF8AD-92BF-4BBD-BE83-2CC8ABB2546E}
		{DC95C932-EA37-4146-9A0C-D88CB6BEE968} = {099FF8AD-92BF-4BBD-BE83-2CC8ABB2546E}
		{2AFEAE68-79D8-4E78-A14F-A0575A27289C} = {099FF8AD-92BF-4BBD-BE83-2CC8ABB2546E}
		{7B2B8402-51BE-4891-BB54-D18D52FE3FDC} = {099FF8AD-92BF-4BBD-BE83-2CC8ABB2546E}
		{79510684-80F2-4F8E-98FC-34866BA763B4} = {099FF8AD-92BF-4BBD-BE83-2CC8ABB2546E}
		{CF23DF2B-EA2A-4397-90B3-8AD88807A339} = {099FF8AD-92BF-4BBD-BE83-2CC8ABB2546E}
		{F58B7C2C-1BA3-4D3D-AB90-6D8322E720FE} = {099FF8AD-92BF-4BBD-BE83-2CC8ABB2546E}
		{83BEAC48-D358-4F30-AB26-5ABEA4043064} = {099FF8AD-92BF-4BBD-BE83-2CC8ABB2546E}
		{7B449B37-8180-4B6D-B821-26568D3A1CA3} = {099FF8AD-92BF-4BBD-BE83-2CC8ABB2546E}
		{1A68A37E-2F14-41CE-93DA-4881706E9D18} = {099FF8AD-92BF-4BBD-BE83-2CC8ABB2546E}
		{860BB764-138B-4056-910C-91144FA0FECE} = {099FF8AD-92BF-4BBD-BE83-2CC8ABB2546E}
		{1459A445-26FF-41BB-816F-0092C9A0B96E} = {099FF8AD-92BF-4BBD-BE83-2CC8ABB2546E}
		{96FC4C8D-60F2-4A71-92BB-1476C8B8F64C} = {099FF8AD-92BF-4BBD-BE83-2CC8ABB2546E}
		{6253B089-E545-4F73-9B0F-D8DA6A3A1BD8} = {099FF8AD-92BF-4BBD-BE83-2CC8ABB2546E}
	EndGlobalSection
	GlobalSection(SolutionConfigurationPlatforms) = preSolution
		Debug|Any CPU = Debug|Any CPU
		Release|Any CPU = Release|Any CPU
	EndGlobalSection
	GlobalSection(ProjectConfigurationPlatforms) = postSolution
		{56DFE10E-2B7F-4B99-8C84-9D154F8D65B4}.Debug|Any CPU.ActiveCfg = Debug|Any CPU
		{56DFE10E-2B7F-4B99-8C84-9D154F8D65B4}.Debug|Any CPU.Build.0 = Debug|Any CPU
		{56DFE10E-2B7F-4B99-8C84-9D154F8D65B4}.Release|Any CPU.ActiveCfg = Release|Any CPU
		{56DFE10E-2B7F-4B99-8C84-9D154F8D65B4}.Release|Any CPU.Build.0 = Release|Any CPU
		{161A8D7F-A4DC-4293-B682-F2302FB6AD44}.Debug|Any CPU.ActiveCfg = Debug|Any CPU
		{161A8D7F-A4DC-4293-B682-F2302FB6AD44}.Debug|Any CPU.Build.0 = Debug|Any CPU
		{161A8D7F-A4DC-4293-B682-F2302FB6AD44}.Release|Any CPU.ActiveCfg = Release|Any CPU
		{161A8D7F-A4DC-4293-B682-F2302FB6AD44}.Release|Any CPU.Build.0 = Release|Any CPU
		{5DC047A2-EE6C-4842-AE2B-8A855CC24601}.Debug|Any CPU.ActiveCfg = Debug|Any CPU
		{5DC047A2-EE6C-4842-AE2B-8A855CC24601}.Debug|Any CPU.Build.0 = Debug|Any CPU
		{5DC047A2-EE6C-4842-AE2B-8A855CC24601}.Release|Any CPU.ActiveCfg = Release|Any CPU
		{5DC047A2-EE6C-4842-AE2B-8A855CC24601}.Release|Any CPU.Build.0 = Release|Any CPU
		{703CC3C0-6C8C-49AC-8D63-E2ECB27C8D79}.Debug|Any CPU.ActiveCfg = Debug|Any CPU
		{703CC3C0-6C8C-49AC-8D63-E2ECB27C8D79}.Debug|Any CPU.Build.0 = Debug|Any CPU
		{703CC3C0-6C8C-49AC-8D63-E2ECB27C8D79}.Release|Any CPU.ActiveCfg = Release|Any CPU
		{703CC3C0-6C8C-49AC-8D63-E2ECB27C8D79}.Release|Any CPU.Build.0 = Release|Any CPU
		{94A42DBB-2130-4208-A963-552CB00EE297}.Debug|Any CPU.ActiveCfg = Debug|Any CPU
		{94A42DBB-2130-4208-A963-552CB00EE297}.Debug|Any CPU.Build.0 = Debug|Any CPU
		{94A42DBB-2130-4208-A963-552CB00EE297}.Release|Any CPU.ActiveCfg = Release|Any CPU
		{94A42DBB-2130-4208-A963-552CB00EE297}.Release|Any CPU.Build.0 = Release|Any CPU
		{A880B810-F2C5-4F17-B4A3-3F92F33F6639}.Debug|Any CPU.ActiveCfg = Debug|Any CPU
		{A880B810-F2C5-4F17-B4A3-3F92F33F6639}.Debug|Any CPU.Build.0 = Debug|Any CPU
		{A880B810-F2C5-4F17-B4A3-3F92F33F6639}.Release|Any CPU.ActiveCfg = Release|Any CPU
		{A880B810-F2C5-4F17-B4A3-3F92F33F6639}.Release|Any CPU.Build.0 = Release|Any CPU
		{32299E94-B498-4857-B0B4-FBA4D8F9B168}.Debug|Any CPU.ActiveCfg = Debug|Any CPU
		{32299E94-B498-4857-B0B4-FBA4D8F9B168}.Debug|Any CPU.Build.0 = Debug|Any CPU
		{32299E94-B498-4857-B0B4-FBA4D8F9B168}.Release|Any CPU.ActiveCfg = Release|Any CPU
		{32299E94-B498-4857-B0B4-FBA4D8F9B168}.Release|Any CPU.Build.0 = Release|Any CPU
		{DBDC7B3A-9358-48EF-90A4-BF590ED6CE2D}.Debug|Any CPU.ActiveCfg = Debug|Any CPU
		{DBDC7B3A-9358-48EF-90A4-BF590ED6CE2D}.Debug|Any CPU.Build.0 = Debug|Any CPU
		{DBDC7B3A-9358-48EF-90A4-BF590ED6CE2D}.Release|Any CPU.ActiveCfg = Release|Any CPU
		{DBDC7B3A-9358-48EF-90A4-BF590ED6CE2D}.Release|Any CPU.Build.0 = Release|Any CPU
		{A012129F-31E0-4554-994E-F2B2A36ABE54}.Debug|Any CPU.ActiveCfg = Debug|Any CPU
		{A012129F-31E0-4554-994E-F2B2A36ABE54}.Debug|Any CPU.Build.0 = Debug|Any CPU
		{A012129F-31E0-4554-994E-F2B2A36ABE54}.Release|Any CPU.ActiveCfg = Release|Any CPU
		{A012129F-31E0-4554-994E-F2B2A36ABE54}.Release|Any CPU.Build.0 = Release|Any CPU
		{746573A9-28C0-462E-9DC6-8C28F8C4A516}.Debug|Any CPU.ActiveCfg = Debug|Any CPU
		{746573A9-28C0-462E-9DC6-8C28F8C4A516}.Debug|Any CPU.Build.0 = Debug|Any CPU
		{746573A9-28C0-462E-9DC6-8C28F8C4A516}.Release|Any CPU.ActiveCfg = Release|Any CPU
		{746573A9-28C0-462E-9DC6-8C28F8C4A516}.Release|Any CPU.Build.0 = Release|Any CPU
		{0C8533A0-D4A9-4E60-80DC-44B107327947}.Debug|Any CPU.ActiveCfg = Debug|Any CPU
		{0C8533A0-D4A9-4E60-80DC-44B107327947}.Debug|Any CPU.Build.0 = Debug|Any CPU
		{0C8533A0-D4A9-4E60-80DC-44B107327947}.Release|Any CPU.ActiveCfg = Release|Any CPU
		{0C8533A0-D4A9-4E60-80DC-44B107327947}.Release|Any CPU.Build.0 = Release|Any CPU
		{1A76312A-A1FB-4E42-93D9-7AE1AEB0129E}.Debug|Any CPU.ActiveCfg = Debug|Any CPU
		{1A76312A-A1FB-4E42-93D9-7AE1AEB0129E}.Debug|Any CPU.Build.0 = Debug|Any CPU
		{1A76312A-A1FB-4E42-93D9-7AE1AEB0129E}.Release|Any CPU.ActiveCfg = Release|Any CPU
		{1A76312A-A1FB-4E42-93D9-7AE1AEB0129E}.Release|Any CPU.Build.0 = Release|Any CPU
		{1EDBC282-1352-4A6C-91A0-50625CD13C70}.Debug|Any CPU.ActiveCfg = Debug|Any CPU
		{1EDBC282-1352-4A6C-91A0-50625CD13C70}.Debug|Any CPU.Build.0 = Debug|Any CPU
		{1EDBC282-1352-4A6C-91A0-50625CD13C70}.Release|Any CPU.ActiveCfg = Release|Any CPU
		{1EDBC282-1352-4A6C-91A0-50625CD13C70}.Release|Any CPU.Build.0 = Release|Any CPU
		{E1A9CBD9-A91D-46BF-9155-8881B8508C0B}.Debug|Any CPU.ActiveCfg = Debug|Any CPU
		{E1A9CBD9-A91D-46BF-9155-8881B8508C0B}.Debug|Any CPU.Build.0 = Debug|Any CPU
		{E1A9CBD9-A91D-46BF-9155-8881B8508C0B}.Release|Any CPU.ActiveCfg = Release|Any CPU
		{E1A9CBD9-A91D-46BF-9155-8881B8508C0B}.Release|Any CPU.Build.0 = Release|Any CPU
		{20872254-9BB6-465D-9C22-3C3B7B6BA044}.Debug|Any CPU.ActiveCfg = Debug|Any CPU
		{20872254-9BB6-465D-9C22-3C3B7B6BA044}.Debug|Any CPU.Build.0 = Debug|Any CPU
		{20872254-9BB6-465D-9C22-3C3B7B6BA044}.Release|Any CPU.ActiveCfg = Release|Any CPU
		{20872254-9BB6-465D-9C22-3C3B7B6BA044}.Release|Any CPU.Build.0 = Release|Any CPU
		{24DC1B9F-11B6-4BF6-82D8-0E5DE952C776}.Debug|Any CPU.ActiveCfg = Debug|Any CPU
		{24DC1B9F-11B6-4BF6-82D8-0E5DE952C776}.Debug|Any CPU.Build.0 = Debug|Any CPU
		{24DC1B9F-11B6-4BF6-82D8-0E5DE952C776}.Release|Any CPU.ActiveCfg = Release|Any CPU
		{24DC1B9F-11B6-4BF6-82D8-0E5DE952C776}.Release|Any CPU.Build.0 = Release|Any CPU
		{1819412C-928E-4BF3-BD71-F1635FDEA231}.Debug|Any CPU.ActiveCfg = Debug|Any CPU
		{1819412C-928E-4BF3-BD71-F1635FDEA231}.Debug|Any CPU.Build.0 = Debug|Any CPU
		{1819412C-928E-4BF3-BD71-F1635FDEA231}.Release|Any CPU.ActiveCfg = Release|Any CPU
		{1819412C-928E-4BF3-BD71-F1635FDEA231}.Release|Any CPU.Build.0 = Release|Any CPU
		{AC9B5468-F9CD-4DA0-AFC9-E9BF868AC217}.Debug|Any CPU.ActiveCfg = Debug|Any CPU
		{AC9B5468-F9CD-4DA0-AFC9-E9BF868AC217}.Debug|Any CPU.Build.0 = Debug|Any CPU
		{AC9B5468-F9CD-4DA0-AFC9-E9BF868AC217}.Release|Any CPU.ActiveCfg = Release|Any CPU
		{AC9B5468-F9CD-4DA0-AFC9-E9BF868AC217}.Release|Any CPU.Build.0 = Release|Any CPU
		{79742213-9D53-4B37-97F6-0E70CB3D3E01}.Debug|Any CPU.ActiveCfg = Debug|Any CPU
		{79742213-9D53-4B37-97F6-0E70CB3D3E01}.Debug|Any CPU.Build.0 = Debug|Any CPU
		{79742213-9D53-4B37-97F6-0E70CB3D3E01}.Release|Any CPU.ActiveCfg = Release|Any CPU
		{79742213-9D53-4B37-97F6-0E70CB3D3E01}.Release|Any CPU.Build.0 = Release|Any CPU
		{56660335-1A49-43D1-AA1B-3051396FB469}.Debug|Any CPU.ActiveCfg = Debug|Any CPU
		{56660335-1A49-43D1-AA1B-3051396FB469}.Debug|Any CPU.Build.0 = Debug|Any CPU
		{56660335-1A49-43D1-AA1B-3051396FB469}.Release|Any CPU.ActiveCfg = Release|Any CPU
		{56660335-1A49-43D1-AA1B-3051396FB469}.Release|Any CPU.Build.0 = Release|Any CPU
		{A4669D26-27D4-43DA-9278-E7C8BF7DC939}.Debug|Any CPU.ActiveCfg = Debug|Any CPU
		{A4669D26-27D4-43DA-9278-E7C8BF7DC939}.Debug|Any CPU.Build.0 = Debug|Any CPU
		{A4669D26-27D4-43DA-9278-E7C8BF7DC939}.Release|Any CPU.ActiveCfg = Release|Any CPU
		{A4669D26-27D4-43DA-9278-E7C8BF7DC939}.Release|Any CPU.Build.0 = Release|Any CPU
		{ED556033-064F-4EEE-A8F3-A2CD5CAF8F9F}.Debug|Any CPU.ActiveCfg = Debug|Any CPU
		{ED556033-064F-4EEE-A8F3-A2CD5CAF8F9F}.Debug|Any CPU.Build.0 = Debug|Any CPU
		{ED556033-064F-4EEE-A8F3-A2CD5CAF8F9F}.Release|Any CPU.ActiveCfg = Release|Any CPU
		{ED556033-064F-4EEE-A8F3-A2CD5CAF8F9F}.Release|Any CPU.Build.0 = Release|Any CPU
		{E7840B0B-3B03-466B-8A2D-7D0A0F91327D}.Debug|Any CPU.ActiveCfg = Debug|Any CPU
		{E7840B0B-3B03-466B-8A2D-7D0A0F91327D}.Debug|Any CPU.Build.0 = Debug|Any CPU
		{E7840B0B-3B03-466B-8A2D-7D0A0F91327D}.Release|Any CPU.ActiveCfg = Release|Any CPU
		{E7840B0B-3B03-466B-8A2D-7D0A0F91327D}.Release|Any CPU.Build.0 = Release|Any CPU
		{75147998-225E-4265-B1D5-2D7CB906DF93}.Debug|Any CPU.ActiveCfg = Debug|Any CPU
		{75147998-225E-4265-B1D5-2D7CB906DF93}.Debug|Any CPU.Build.0 = Debug|Any CPU
		{75147998-225E-4265-B1D5-2D7CB906DF93}.Release|Any CPU.ActiveCfg = Release|Any CPU
		{75147998-225E-4265-B1D5-2D7CB906DF93}.Release|Any CPU.Build.0 = Release|Any CPU
		{AD40AE1A-6F88-4321-BBB0-29A525EC3CEF}.Debug|Any CPU.ActiveCfg = Debug|Any CPU
		{AD40AE1A-6F88-4321-BBB0-29A525EC3CEF}.Debug|Any CPU.Build.0 = Debug|Any CPU
		{AD40AE1A-6F88-4321-BBB0-29A525EC3CEF}.Release|Any CPU.ActiveCfg = Release|Any CPU
		{AD40AE1A-6F88-4321-BBB0-29A525EC3CEF}.Release|Any CPU.Build.0 = Release|Any CPU
		{093E57E7-E4B8-4712-A2F5-F0ED4C3C2F5D}.Debug|Any CPU.ActiveCfg = Debug|Any CPU
		{093E57E7-E4B8-4712-A2F5-F0ED4C3C2F5D}.Debug|Any CPU.Build.0 = Debug|Any CPU
		{093E57E7-E4B8-4712-A2F5-F0ED4C3C2F5D}.Release|Any CPU.ActiveCfg = Release|Any CPU
		{093E57E7-E4B8-4712-A2F5-F0ED4C3C2F5D}.Release|Any CPU.Build.0 = Release|Any CPU
		{DC95C932-EA37-4146-9A0C-D88CB6BEE968}.Debug|Any CPU.ActiveCfg = Debug|Any CPU
		{DC95C932-EA37-4146-9A0C-D88CB6BEE968}.Debug|Any CPU.Build.0 = Debug|Any CPU
		{DC95C932-EA37-4146-9A0C-D88CB6BEE968}.Release|Any CPU.ActiveCfg = Release|Any CPU
		{DC95C932-EA37-4146-9A0C-D88CB6BEE968}.Release|Any CPU.Build.0 = Release|Any CPU
		{2AFEAE68-79D8-4E78-A14F-A0575A27289C}.Debug|Any CPU.ActiveCfg = Debug|Any CPU
		{2AFEAE68-79D8-4E78-A14F-A0575A27289C}.Debug|Any CPU.Build.0 = Debug|Any CPU
		{2AFEAE68-79D8-4E78-A14F-A0575A27289C}.Release|Any CPU.ActiveCfg = Release|Any CPU
		{2AFEAE68-79D8-4E78-A14F-A0575A27289C}.Release|Any CPU.Build.0 = Release|Any CPU
		{7B2B8402-51BE-4891-BB54-D18D52FE3FDC}.Debug|Any CPU.ActiveCfg = Debug|Any CPU
		{7B2B8402-51BE-4891-BB54-D18D52FE3FDC}.Debug|Any CPU.Build.0 = Debug|Any CPU
		{7B2B8402-51BE-4891-BB54-D18D52FE3FDC}.Release|Any CPU.ActiveCfg = Release|Any CPU
		{7B2B8402-51BE-4891-BB54-D18D52FE3FDC}.Release|Any CPU.Build.0 = Release|Any CPU
		{79510684-80F2-4F8E-98FC-34866BA763B4}.Debug|Any CPU.ActiveCfg = Debug|Any CPU
		{79510684-80F2-4F8E-98FC-34866BA763B4}.Debug|Any CPU.Build.0 = Debug|Any CPU
		{79510684-80F2-4F8E-98FC-34866BA763B4}.Release|Any CPU.ActiveCfg = Release|Any CPU
		{79510684-80F2-4F8E-98FC-34866BA763B4}.Release|Any CPU.Build.0 = Release|Any CPU
		{CF23DF2B-EA2A-4397-90B3-8AD88807A339}.Debug|Any CPU.ActiveCfg = Debug|Any CPU
		{CF23DF2B-EA2A-4397-90B3-8AD88807A339}.Debug|Any CPU.Build.0 = Debug|Any CPU
		{CF23DF2B-EA2A-4397-90B3-8AD88807A339}.Release|Any CPU.ActiveCfg = Release|Any CPU
		{CF23DF2B-EA2A-4397-90B3-8AD88807A339}.Release|Any CPU.Build.0 = Release|Any CPU
		{F58B7C2C-1BA3-4D3D-AB90-6D8322E720FE}.Debug|Any CPU.ActiveCfg = Debug|Any CPU
		{F58B7C2C-1BA3-4D3D-AB90-6D8322E720FE}.Debug|Any CPU.Build.0 = Debug|Any CPU
		{F58B7C2C-1BA3-4D3D-AB90-6D8322E720FE}.Release|Any CPU.ActiveCfg = Release|Any CPU
		{F58B7C2C-1BA3-4D3D-AB90-6D8322E720FE}.Release|Any CPU.Build.0 = Release|Any CPU
		{83BEAC48-D358-4F30-AB26-5ABEA4043064}.Debug|Any CPU.ActiveCfg = Debug|Any CPU
		{83BEAC48-D358-4F30-AB26-5ABEA4043064}.Debug|Any CPU.Build.0 = Debug|Any CPU
		{83BEAC48-D358-4F30-AB26-5ABEA4043064}.Release|Any CPU.ActiveCfg = Release|Any CPU
		{83BEAC48-D358-4F30-AB26-5ABEA4043064}.Release|Any CPU.Build.0 = Release|Any CPU
		{7B449B37-8180-4B6D-B821-26568D3A1CA3}.Debug|Any CPU.ActiveCfg = Debug|Any CPU
		{7B449B37-8180-4B6D-B821-26568D3A1CA3}.Debug|Any CPU.Build.0 = Debug|Any CPU
		{7B449B37-8180-4B6D-B821-26568D3A1CA3}.Release|Any CPU.ActiveCfg = Release|Any CPU
		{7B449B37-8180-4B6D-B821-26568D3A1CA3}.Release|Any CPU.Build.0 = Release|Any CPU
		{1A68A37E-2F14-41CE-93DA-4881706E9D18}.Debug|Any CPU.ActiveCfg = Debug|Any CPU
		{1A68A37E-2F14-41CE-93DA-4881706E9D18}.Debug|Any CPU.Build.0 = Debug|Any CPU
		{1A68A37E-2F14-41CE-93DA-4881706E9D18}.Release|Any CPU.ActiveCfg = Release|Any CPU
		{1A68A37E-2F14-41CE-93DA-4881706E9D18}.Release|Any CPU.Build.0 = Release|Any CPU
		{860BB764-138B-4056-910C-91144FA0FECE}.Debug|Any CPU.ActiveCfg = Debug|Any CPU
		{860BB764-138B-4056-910C-91144FA0FECE}.Debug|Any CPU.Build.0 = Debug|Any CPU
		{860BB764-138B-4056-910C-91144FA0FECE}.Release|Any CPU.ActiveCfg = Release|Any CPU
		{860BB764-138B-4056-910C-91144FA0FECE}.Release|Any CPU.Build.0 = Release|Any CPU
		{1459A445-26FF-41BB-816F-0092C9A0B96E}.Debug|Any CPU.ActiveCfg = Debug|Any CPU
		{1459A445-26FF-41BB-816F-0092C9A0B96E}.Debug|Any CPU.Build.0 = Debug|Any CPU
		{1459A445-26FF-41BB-816F-0092C9A0B96E}.Release|Any CPU.ActiveCfg = Release|Any CPU
		{1459A445-26FF-41BB-816F-0092C9A0B96E}.Release|Any CPU.Build.0 = Release|Any CPU
		{96FC4C8D-60F2-4A71-92BB-1476C8B8F64C}.Debug|Any CPU.ActiveCfg = Debug|Any CPU
		{96FC4C8D-60F2-4A71-92BB-1476C8B8F64C}.Debug|Any CPU.Build.0 = Debug|Any CPU
		{96FC4C8D-60F2-4A71-92BB-1476C8B8F64C}.Release|Any CPU.ActiveCfg = Release|Any CPU
		{96FC4C8D-60F2-4A71-92BB-1476C8B8F64C}.Release|Any CPU.Build.0 = Release|Any CPU
		{6253B089-E545-4F73-9B0F-D8DA6A3A1BD8}.Debug|Any CPU.ActiveCfg = Debug|Any CPU
		{6253B089-E545-4F73-9B0F-D8DA6A3A1BD8}.Debug|Any CPU.Build.0 = Debug|Any CPU
		{6253B089-E545-4F73-9B0F-D8DA6A3A1BD8}.Release|Any CPU.ActiveCfg = Release|Any CPU
		{6253B089-E545-4F73-9B0F-D8DA6A3A1BD8}.Release|Any CPU.Build.0 = Release|Any CPU
	EndGlobalSection
	GlobalSection(SolutionProperties) = preSolution
		HideSolutionNode = FALSE
	EndGlobalSection
	GlobalSection(ExtensibilityGlobals) = postSolution
		SolutionGuid = {DCE51648-BA83-42D6-B519-7BD40D17F4A7}
	EndGlobalSection
EndGlobal
