
Microsoft Visual Studio Solution File, Format Version 12.00
# Visual Studio Version 17
VisualStudioVersion = 17.2.32630.192
MinimumVisualStudioVersion = 10.0.40219.1
Project("{9A19103F-16F7-4668-BE54-9A1E7A4F7556}") = "R5T.S0061.S001", "R5T.S0061.S001\R5T.S0061.S001.csproj", "{755293F9-B6EB-40F3-A8DE-9D3B99906849}"
EndProject
Project("{2150E333-8FDC-42A3-9474-1A3956D46DE8}") = "_Dependencies", "_Dependencies", "{C3DE9A35-58C3-4D69-A001-2B1678FAE6C3}"
EndProject
Project("{9A19103F-16F7-4668-BE54-9A1E7A4F7556}") = "R5T.F0000", "..\..\R5T.F0000\source\R5T.F0000\R5T.F0000.csproj", "{74D25DA8-0D29-424E-AFA6-1250AEF864BB}"
EndProject
Project("{9A19103F-16F7-4668-BE54-9A1E7A4F7556}") = "R5T.T0131", "..\..\R5T.T0131\source\R5T.T0131\R5T.T0131.csproj", "{8A89F6E9-1CA0-4092-BE45-17CBC51A6A3A}"
EndProject
Project("{9A19103F-16F7-4668-BE54-9A1E7A4F7556}") = "R5T.T0132", "..\..\R5T.T0132\source\R5T.T0132\R5T.T0132.csproj", "{E663D88A-1333-4CDC-8D3E-58184140D2C9}"
EndProject
Project("{9A19103F-16F7-4668-BE54-9A1E7A4F7556}") = "R5T.T0142", "..\..\R5T.T0142\source\R5T.T0142\R5T.T0142.csproj", "{AFF0A426-18EF-40CC-B0EA-291A2999D2FD}"
EndProject
Project("{9A19103F-16F7-4668-BE54-9A1E7A4F7556}") = "R5T.T0143", "..\..\R5T.T0143\source\R5T.T0143\R5T.T0143.csproj", "{2D581219-7D6B-4B99-A0AF-3B9AAB482F36}"
EndProject
Project("{9A19103F-16F7-4668-BE54-9A1E7A4F7556}") = "R5T.Y0000", "..\..\R5T.Y0000\source\R5T.Y0000\R5T.Y0000.csproj", "{B47BAC00-F5A5-40A1-BD7A-414632B514E8}"
EndProject
Project("{9A19103F-16F7-4668-BE54-9A1E7A4F7556}") = "R5T.Z0000", "..\..\R5T.Z0000\source\R5T.Z0000\R5T.Z0000.csproj", "{9E49E8AE-E9EA-4702-BCFB-63D12D87D167}"
EndProject
Project("{9A19103F-16F7-4668-BE54-9A1E7A4F7556}") = "R5T.F0035", "..\..\R5T.F0035\source\R5T.F0035\R5T.F0035.csproj", "{538F1968-B9D6-43E6-B888-677543F210B3}"
EndProject
Project("{9A19103F-16F7-4668-BE54-9A1E7A4F7556}") = "R5T.Z0022", "..\..\R5T.Z0022.Private\source\R5T.Z0022\R5T.Z0022.csproj", "{707E22DC-6D79-4110-A7B5-4711313FE9FE}"
EndProject
Project("{9A19103F-16F7-4668-BE54-9A1E7A4F7556}") = "R5T.F0082", "..\..\R5T.F0082\source\R5T.F0082\R5T.F0082.csproj", "{B0B38E7C-AEE3-49AE-8B06-FADA2623E2FF}"
EndProject
Project("{9A19103F-16F7-4668-BE54-9A1E7A4F7556}") = "R5T.Z0010", "..\..\R5T.Z0010\source\R5T.Z0010\R5T.Z0010.csproj", "{49CCCEC6-5100-4114-8ED2-07315341A62B}"
EndProject
Project("{9A19103F-16F7-4668-BE54-9A1E7A4F7556}") = "R5T.F0032", "..\..\R5T.F0032\source\R5T.F0032\R5T.F0032.csproj", "{38FDE168-50FD-42CA-BD3A-1E826AAE69DA}"
EndProject
Project("{9A19103F-16F7-4668-BE54-9A1E7A4F7556}") = "R5T.S0061.T001", "R5T.S0061.T001\R5T.S0061.T001.csproj", "{F7802891-0B6C-4883-8102-0D4C4D9F5FC3}"
EndProject
Project("{9A19103F-16F7-4668-BE54-9A1E7A4F7556}") = "R5T.F0052", "..\..\R5T.F0052\source\R5T.F0052\R5T.F0052.csproj", "{029DC8A0-6DF0-4AC4-8D2C-B14AF1007650}"
EndProject
Project("{9A19103F-16F7-4668-BE54-9A1E7A4F7556}") = "R5T.Z0012", "..\..\R5T.Z0012\source\R5T.Z0012\R5T.Z0012.csproj", "{61B15788-4E36-46C0-8B49-F51E14C167D4}"
EndProject
Project("{9A19103F-16F7-4668-BE54-9A1E7A4F7556}") = "R5T.F0027", "..\..\R5T.F0027\source\R5T.F0027\R5T.F0027.csproj", "{78E3AD50-77AB-4FBD-BD05-86D1E80EFFB9}"
EndProject
Project("{9A19103F-16F7-4668-BE54-9A1E7A4F7556}") = "R5T.F0040", "..\..\R5T.F0040\source\R5T.F0040\R5T.F0040.csproj", "{3C3410FE-DACC-439C-95D4-5576F2115625}"
EndProject
Project("{9A19103F-16F7-4668-BE54-9A1E7A4F7556}") = "R5T.Z0006", "..\..\R5T.Z0006\source\R5T.Z0006\R5T.Z0006.csproj", "{136571AD-A10A-4BCF-9FA3-F6EF320BA8D1}"
EndProject
Project("{9A19103F-16F7-4668-BE54-9A1E7A4F7556}") = "R5T.S0061.Z001", "R5T.S0061.Z001\R5T.S0061.Z001.csproj", "{4646B4E7-D4F5-411E-B26D-F3BEA69AE82B}"
EndProject
Project("{9A19103F-16F7-4668-BE54-9A1E7A4F7556}") = "R5T.F0018", "..\..\R5T.F0018\source\R5T.F0018\R5T.F0018.csproj", "{515A918B-E60E-4FC3-951D-787E81B9C2D1}"
EndProject
Project("{9A19103F-16F7-4668-BE54-9A1E7A4F7556}") = "R5T.F0017.F002", "..\..\R5T.F0017\source\R5T.F0017.F002\R5T.F0017.F002.csproj", "{0CE7251B-5E75-4E83-A3ED-2E724CC3324B}"
EndProject
Project("{9A19103F-16F7-4668-BE54-9A1E7A4F7556}") = "R5T.F0002", "..\..\R5T.F0002\source\R5T.F0002\R5T.F0002.csproj", "{8A8DB198-52B2-4481-879F-1FD7FA737DD0}"
EndProject
Project("{9A19103F-16F7-4668-BE54-9A1E7A4F7556}") = "R5T.F0020", "..\..\R5T.F0020\source\R5T.F0020\R5T.F0020.csproj", "{83D36FCC-2FCA-4AD9-AA81-4608B90B74B0}"
EndProject
Project("{9A19103F-16F7-4668-BE54-9A1E7A4F7556}") = "R5T.F0026", "..\..\R5T.F0026\source\R5T.F0026\R5T.F0026.csproj", "{3347BBDA-EF3F-435E-B03D-9806CEC0F1EC}"
EndProject
Project("{9A19103F-16F7-4668-BE54-9A1E7A4F7556}") = "R5T.F0040.F000", "..\..\R5T.F0040\source\R5T.F0040.F000\R5T.F0040.F000.csproj", "{441B5058-1377-4C15-BB35-C876C42F5018}"
EndProject
Project("{9A19103F-16F7-4668-BE54-9A1E7A4F7556}") = "R5T.F0050", "..\..\R5T.F0050\source\R5T.F0050\R5T.F0050.csproj", "{BC5898BF-9820-446B-A316-268F29135B21}"
EndProject
Project("{9A19103F-16F7-4668-BE54-9A1E7A4F7556}") = "R5T.F0053", "..\..\R5T.F0053\source\R5T.F0053\R5T.F0053.csproj", "{E01D2D02-5DF2-4782-9082-2CEFD961A314}"
EndProject
Project("{9A19103F-16F7-4668-BE54-9A1E7A4F7556}") = "R5T.F0054", "..\..\R5T.F0054\source\R5T.F0054\R5T.F0054.csproj", "{22E6FF9B-BEE1-4C21-94DE-8FCEF5FEA4BC}"
EndProject
Project("{9A19103F-16F7-4668-BE54-9A1E7A4F7556}") = "R5T.NG0002", "..\..\R5T.NG0002\source\R5T.NG0002\R5T.NG0002.csproj", "{CC60A853-490E-4A24-BFD7-9D884A63343B}"
EndProject
Project("{9A19103F-16F7-4668-BE54-9A1E7A4F7556}") = "R5T.NG0003", "..\..\R5T.NG0003\source\R5T.NG0003\R5T.NG0003.csproj", "{E6F4968B-31F7-4F80-A572-13C3B882A0EC}"
EndProject
Project("{9A19103F-16F7-4668-BE54-9A1E7A4F7556}") = "R5T.NG0006", "..\..\R5T.NG0006\source\R5T.NG0006\R5T.NG0006.csproj", "{4C5E98AF-1571-44F8-857E-B927B5EAFF71}"
EndProject
Project("{9A19103F-16F7-4668-BE54-9A1E7A4F7556}") = "R5T.NG0008", "..\..\R5T.NG0008\source\R5T.NG0008\R5T.NG0008.csproj", "{1C1B2B2A-EC7F-4533-836C-EADB2DF1085C}"
EndProject
Project("{9A19103F-16F7-4668-BE54-9A1E7A4F7556}") = "R5T.NG0010", "..\..\R5T.NG0010\source\R5T.NG0010\R5T.NG0010.csproj", "{5C72E44D-8EA3-48B8-901B-DCC7ED0B2369}"
EndProject
Project("{9A19103F-16F7-4668-BE54-9A1E7A4F7556}") = "R5T.T0152", "..\..\R5T.T0152\source\R5T.T0152\R5T.T0152.csproj", "{F8AD37E0-5508-48F1-BF11-EA07EF562FD6}"
EndProject
Project("{9A19103F-16F7-4668-BE54-9A1E7A4F7556}") = "R5T.T0156", "..\..\R5T.T0156\source\R5T.T0156\R5T.T0156.csproj", "{BE667349-B17E-4105-B4EF-D8CD6A074EC7}"
EndProject
Project("{9A19103F-16F7-4668-BE54-9A1E7A4F7556}") = "R5T.Z0011", "..\..\R5T.Z0011\source\R5T.Z0011\R5T.Z0011.csproj", "{0A3D7CDA-60B5-4EA1-B2D8-5884727FDE1B}"
EndProject
Project("{9A19103F-16F7-4668-BE54-9A1E7A4F7556}") = "R5T.S0061.F001", "R5T.S0061.F001\R5T.S0061.F001.csproj", "{28738F8E-831A-40E0-85BA-63528E06BB98}"
EndProject
Project("{9A19103F-16F7-4668-BE54-9A1E7A4F7556}") = "R5T.F0033", "..\..\R5T.F0033\source\R5T.F0033\R5T.F0033.csproj", "{A18C55CA-8D63-418A-B556-088CB9C91A99}"
EndProject
Project("{9A19103F-16F7-4668-BE54-9A1E7A4F7556}") = "R5T.F0099", "..\..\R5T.F0099\source\R5T.F0099\R5T.F0099.csproj", "{ABB38EB5-E5DD-464C-943D-01DACE4F9698}"
EndProject
Project("{9A19103F-16F7-4668-BE54-9A1E7A4F7556}") = "R5T.Z0015", "..\..\R5T.Z0015\source\R5T.Z0015\R5T.Z0015.csproj", "{32D8B289-A353-4DB9-8E55-50BC773665B1}"
EndProject
Project("{9A19103F-16F7-4668-BE54-9A1E7A4F7556}") = "R5T.F0103", "..\..\R5T.F0103\source\R5T.F0103\R5T.F0103.csproj", "{AFC0CCDF-A5C1-49A0-A217-5409AB7EAB16}"
EndProject
Project("{9A19103F-16F7-4668-BE54-9A1E7A4F7556}") = "R5T.S0061.F002", "R5T.S0061.F002\R5T.S0061.F002.csproj", "{9C6DDF1C-CC6D-4708-89F9-094077A5DE0C}"
EndProject
Project("{9A19103F-16F7-4668-BE54-9A1E7A4F7556}") = "R5T.F0077", "..\..\R5T.F0077\source\R5T.F0077\R5T.F0077.csproj", "{575E0F16-EB42-4226-945A-736D545087C2}"
EndProject
Project("{9A19103F-16F7-4668-BE54-9A1E7A4F7556}") = "R5T.F0016.F001", "..\..\R5T.F0016\source\R5T.F0016.F001\R5T.F0016.F001.csproj", "{6492B40C-647C-4051-BFA5-85C80694D0DD}"
EndProject
Project("{9A19103F-16F7-4668-BE54-9A1E7A4F7556}") = "R5T.F0016", "..\..\R5T.F0016\source\R5T.F0016\R5T.F0016.csproj", "{724D5AEB-093B-4101-9CCD-574611B47FEF}"
EndProject
Project("{9A19103F-16F7-4668-BE54-9A1E7A4F7556}") = "R5T.F0076", "..\..\R5T.F0076\source\R5T.F0076\R5T.F0076.csproj", "{4B1EC7D6-F8FE-42E9-9242-67AAD26E5E7A}"
EndProject
Project("{9A19103F-16F7-4668-BE54-9A1E7A4F7556}") = "R5T.T0159.F000", "..\..\R5T.T0159\source\R5T.T0159.F000\R5T.T0159.F000.csproj", "{9704D5FB-E3AA-42A7-A628-7D140F5650B5}"
EndProject
Project("{9A19103F-16F7-4668-BE54-9A1E7A4F7556}") = "R5T.F0035.F001", "..\..\R5T.F0035\source\R5T.F0035.F001\R5T.F0035.F001.csproj", "{20626FFC-4FDC-4632-B87A-C9F3ECA11D06}"
EndProject
Project("{9A19103F-16F7-4668-BE54-9A1E7A4F7556}") = "R5T.NG0007", "..\..\R5T.NG0007\source\R5T.NG0007\R5T.NG0007.csproj", "{55CEBFCF-7014-4F54-97BA-1C0DC0C76ADA}"
EndProject
Project("{9A19103F-16F7-4668-BE54-9A1E7A4F7556}") = "R5T.T0148", "..\..\R5T.T0148\source\R5T.T0148\R5T.T0148.csproj", "{2C2A96BF-3173-4772-A942-9A8671C235A2}"
EndProject
Project("{9A19103F-16F7-4668-BE54-9A1E7A4F7556}") = "R5T.T0158.F000", "..\..\R5T.T0158\source\R5T.T0158.F000\R5T.T0158.F000.csproj", "{09FF5FA7-81B0-43C9-BC45-915A61518451}"
EndProject
Project("{9A19103F-16F7-4668-BE54-9A1E7A4F7556}") = "R5T.T0158.T000", "..\..\R5T.T0158\source\R5T.T0158.T000\R5T.T0158.T000.csproj", "{CD9F9499-B20D-4D32-82D5-76719CFA1FDD}"
EndProject
Project("{9A19103F-16F7-4668-BE54-9A1E7A4F7556}") = "R5T.T0158", "..\..\R5T.T0158\source\R5T.T0158\R5T.T0158.csproj", "{0C1AF721-4728-4D30-83CE-0C6B3814C03C}"
EndProject
Project("{9A19103F-16F7-4668-BE54-9A1E7A4F7556}") = "R5T.T0159", "..\..\R5T.T0159\source\R5T.T0159\R5T.T0159.csproj", "{C7A798A0-8A48-43E4-B846-23F235784C60}"
EndProject
Project("{9A19103F-16F7-4668-BE54-9A1E7A4F7556}") = "R5T.Z0026", "..\..\R5T.Z0026\source\R5T.Z0026\R5T.Z0026.csproj", "{BDC5C01A-7FF2-48AB-80DA-DA7B2F290BFB}"
EndProject
Project("{9A19103F-16F7-4668-BE54-9A1E7A4F7556}") = "R5T.F0098", "..\..\R5T.F0098\source\R5T.F0098\R5T.F0098.csproj", "{4D0062ED-7E91-477D-9B0D-3D1C16EA9974}"
EndProject
Global
	GlobalSection(SolutionConfigurationPlatforms) = preSolution
		Debug|Any CPU = Debug|Any CPU
		Release|Any CPU = Release|Any CPU
	EndGlobalSection
	GlobalSection(ProjectConfigurationPlatforms) = postSolution
		{755293F9-B6EB-40F3-A8DE-9D3B99906849}.Debug|Any CPU.ActiveCfg = Debug|Any CPU
		{755293F9-B6EB-40F3-A8DE-9D3B99906849}.Debug|Any CPU.Build.0 = Debug|Any CPU
		{755293F9-B6EB-40F3-A8DE-9D3B99906849}.Release|Any CPU.ActiveCfg = Release|Any CPU
		{755293F9-B6EB-40F3-A8DE-9D3B99906849}.Release|Any CPU.Build.0 = Release|Any CPU
		{74D25DA8-0D29-424E-AFA6-1250AEF864BB}.Debug|Any CPU.ActiveCfg = Debug|Any CPU
		{74D25DA8-0D29-424E-AFA6-1250AEF864BB}.Debug|Any CPU.Build.0 = Debug|Any CPU
		{74D25DA8-0D29-424E-AFA6-1250AEF864BB}.Release|Any CPU.ActiveCfg = Release|Any CPU
		{74D25DA8-0D29-424E-AFA6-1250AEF864BB}.Release|Any CPU.Build.0 = Release|Any CPU
		{8A89F6E9-1CA0-4092-BE45-17CBC51A6A3A}.Debug|Any CPU.ActiveCfg = Debug|Any CPU
		{8A89F6E9-1CA0-4092-BE45-17CBC51A6A3A}.Debug|Any CPU.Build.0 = Debug|Any CPU
		{8A89F6E9-1CA0-4092-BE45-17CBC51A6A3A}.Release|Any CPU.ActiveCfg = Release|Any CPU
		{8A89F6E9-1CA0-4092-BE45-17CBC51A6A3A}.Release|Any CPU.Build.0 = Release|Any CPU
		{E663D88A-1333-4CDC-8D3E-58184140D2C9}.Debug|Any CPU.ActiveCfg = Debug|Any CPU
		{E663D88A-1333-4CDC-8D3E-58184140D2C9}.Debug|Any CPU.Build.0 = Debug|Any CPU
		{E663D88A-1333-4CDC-8D3E-58184140D2C9}.Release|Any CPU.ActiveCfg = Release|Any CPU
		{E663D88A-1333-4CDC-8D3E-58184140D2C9}.Release|Any CPU.Build.0 = Release|Any CPU
		{AFF0A426-18EF-40CC-B0EA-291A2999D2FD}.Debug|Any CPU.ActiveCfg = Debug|Any CPU
		{AFF0A426-18EF-40CC-B0EA-291A2999D2FD}.Debug|Any CPU.Build.0 = Debug|Any CPU
		{AFF0A426-18EF-40CC-B0EA-291A2999D2FD}.Release|Any CPU.ActiveCfg = Release|Any CPU
		{AFF0A426-18EF-40CC-B0EA-291A2999D2FD}.Release|Any CPU.Build.0 = Release|Any CPU
		{2D581219-7D6B-4B99-A0AF-3B9AAB482F36}.Debug|Any CPU.ActiveCfg = Debug|Any CPU
		{2D581219-7D6B-4B99-A0AF-3B9AAB482F36}.Debug|Any CPU.Build.0 = Debug|Any CPU
		{2D581219-7D6B-4B99-A0AF-3B9AAB482F36}.Release|Any CPU.ActiveCfg = Release|Any CPU
		{2D581219-7D6B-4B99-A0AF-3B9AAB482F36}.Release|Any CPU.Build.0 = Release|Any CPU
		{B47BAC00-F5A5-40A1-BD7A-414632B514E8}.Debug|Any CPU.ActiveCfg = Debug|Any CPU
		{B47BAC00-F5A5-40A1-BD7A-414632B514E8}.Debug|Any CPU.Build.0 = Debug|Any CPU
		{B47BAC00-F5A5-40A1-BD7A-414632B514E8}.Release|Any CPU.ActiveCfg = Release|Any CPU
		{B47BAC00-F5A5-40A1-BD7A-414632B514E8}.Release|Any CPU.Build.0 = Release|Any CPU
		{9E49E8AE-E9EA-4702-BCFB-63D12D87D167}.Debug|Any CPU.ActiveCfg = Debug|Any CPU
		{9E49E8AE-E9EA-4702-BCFB-63D12D87D167}.Debug|Any CPU.Build.0 = Debug|Any CPU
		{9E49E8AE-E9EA-4702-BCFB-63D12D87D167}.Release|Any CPU.ActiveCfg = Release|Any CPU
		{9E49E8AE-E9EA-4702-BCFB-63D12D87D167}.Release|Any CPU.Build.0 = Release|Any CPU
		{538F1968-B9D6-43E6-B888-677543F210B3}.Debug|Any CPU.ActiveCfg = Debug|Any CPU
		{538F1968-B9D6-43E6-B888-677543F210B3}.Debug|Any CPU.Build.0 = Debug|Any CPU
		{538F1968-B9D6-43E6-B888-677543F210B3}.Release|Any CPU.ActiveCfg = Release|Any CPU
		{538F1968-B9D6-43E6-B888-677543F210B3}.Release|Any CPU.Build.0 = Release|Any CPU
		{707E22DC-6D79-4110-A7B5-4711313FE9FE}.Debug|Any CPU.ActiveCfg = Debug|Any CPU
		{707E22DC-6D79-4110-A7B5-4711313FE9FE}.Debug|Any CPU.Build.0 = Debug|Any CPU
		{707E22DC-6D79-4110-A7B5-4711313FE9FE}.Release|Any CPU.ActiveCfg = Release|Any CPU
		{707E22DC-6D79-4110-A7B5-4711313FE9FE}.Release|Any CPU.Build.0 = Release|Any CPU
		{B0B38E7C-AEE3-49AE-8B06-FADA2623E2FF}.Debug|Any CPU.ActiveCfg = Debug|Any CPU
		{B0B38E7C-AEE3-49AE-8B06-FADA2623E2FF}.Debug|Any CPU.Build.0 = Debug|Any CPU
		{B0B38E7C-AEE3-49AE-8B06-FADA2623E2FF}.Release|Any CPU.ActiveCfg = Release|Any CPU
		{B0B38E7C-AEE3-49AE-8B06-FADA2623E2FF}.Release|Any CPU.Build.0 = Release|Any CPU
		{49CCCEC6-5100-4114-8ED2-07315341A62B}.Debug|Any CPU.ActiveCfg = Debug|Any CPU
		{49CCCEC6-5100-4114-8ED2-07315341A62B}.Debug|Any CPU.Build.0 = Debug|Any CPU
		{49CCCEC6-5100-4114-8ED2-07315341A62B}.Release|Any CPU.ActiveCfg = Release|Any CPU
		{49CCCEC6-5100-4114-8ED2-07315341A62B}.Release|Any CPU.Build.0 = Release|Any CPU
		{38FDE168-50FD-42CA-BD3A-1E826AAE69DA}.Debug|Any CPU.ActiveCfg = Debug|Any CPU
		{38FDE168-50FD-42CA-BD3A-1E826AAE69DA}.Debug|Any CPU.Build.0 = Debug|Any CPU
		{38FDE168-50FD-42CA-BD3A-1E826AAE69DA}.Release|Any CPU.ActiveCfg = Release|Any CPU
		{38FDE168-50FD-42CA-BD3A-1E826AAE69DA}.Release|Any CPU.Build.0 = Release|Any CPU
		{F7802891-0B6C-4883-8102-0D4C4D9F5FC3}.Debug|Any CPU.ActiveCfg = Debug|Any CPU
		{F7802891-0B6C-4883-8102-0D4C4D9F5FC3}.Debug|Any CPU.Build.0 = Debug|Any CPU
		{F7802891-0B6C-4883-8102-0D4C4D9F5FC3}.Release|Any CPU.ActiveCfg = Release|Any CPU
		{F7802891-0B6C-4883-8102-0D4C4D9F5FC3}.Release|Any CPU.Build.0 = Release|Any CPU
		{029DC8A0-6DF0-4AC4-8D2C-B14AF1007650}.Debug|Any CPU.ActiveCfg = Debug|Any CPU
		{029DC8A0-6DF0-4AC4-8D2C-B14AF1007650}.Debug|Any CPU.Build.0 = Debug|Any CPU
		{029DC8A0-6DF0-4AC4-8D2C-B14AF1007650}.Release|Any CPU.ActiveCfg = Release|Any CPU
		{029DC8A0-6DF0-4AC4-8D2C-B14AF1007650}.Release|Any CPU.Build.0 = Release|Any CPU
		{61B15788-4E36-46C0-8B49-F51E14C167D4}.Debug|Any CPU.ActiveCfg = Debug|Any CPU
		{61B15788-4E36-46C0-8B49-F51E14C167D4}.Debug|Any CPU.Build.0 = Debug|Any CPU
		{61B15788-4E36-46C0-8B49-F51E14C167D4}.Release|Any CPU.ActiveCfg = Release|Any CPU
		{61B15788-4E36-46C0-8B49-F51E14C167D4}.Release|Any CPU.Build.0 = Release|Any CPU
		{78E3AD50-77AB-4FBD-BD05-86D1E80EFFB9}.Debug|Any CPU.ActiveCfg = Debug|Any CPU
		{78E3AD50-77AB-4FBD-BD05-86D1E80EFFB9}.Debug|Any CPU.Build.0 = Debug|Any CPU
		{78E3AD50-77AB-4FBD-BD05-86D1E80EFFB9}.Release|Any CPU.ActiveCfg = Release|Any CPU
		{78E3AD50-77AB-4FBD-BD05-86D1E80EFFB9}.Release|Any CPU.Build.0 = Release|Any CPU
		{3C3410FE-DACC-439C-95D4-5576F2115625}.Debug|Any CPU.ActiveCfg = Debug|Any CPU
		{3C3410FE-DACC-439C-95D4-5576F2115625}.Debug|Any CPU.Build.0 = Debug|Any CPU
		{3C3410FE-DACC-439C-95D4-5576F2115625}.Release|Any CPU.ActiveCfg = Release|Any CPU
		{3C3410FE-DACC-439C-95D4-5576F2115625}.Release|Any CPU.Build.0 = Release|Any CPU
		{136571AD-A10A-4BCF-9FA3-F6EF320BA8D1}.Debug|Any CPU.ActiveCfg = Debug|Any CPU
		{136571AD-A10A-4BCF-9FA3-F6EF320BA8D1}.Debug|Any CPU.Build.0 = Debug|Any CPU
		{136571AD-A10A-4BCF-9FA3-F6EF320BA8D1}.Release|Any CPU.ActiveCfg = Release|Any CPU
		{136571AD-A10A-4BCF-9FA3-F6EF320BA8D1}.Release|Any CPU.Build.0 = Release|Any CPU
		{4646B4E7-D4F5-411E-B26D-F3BEA69AE82B}.Debug|Any CPU.ActiveCfg = Debug|Any CPU
		{4646B4E7-D4F5-411E-B26D-F3BEA69AE82B}.Debug|Any CPU.Build.0 = Debug|Any CPU
		{4646B4E7-D4F5-411E-B26D-F3BEA69AE82B}.Release|Any CPU.ActiveCfg = Release|Any CPU
		{4646B4E7-D4F5-411E-B26D-F3BEA69AE82B}.Release|Any CPU.Build.0 = Release|Any CPU
		{515A918B-E60E-4FC3-951D-787E81B9C2D1}.Debug|Any CPU.ActiveCfg = Debug|Any CPU
		{515A918B-E60E-4FC3-951D-787E81B9C2D1}.Debug|Any CPU.Build.0 = Debug|Any CPU
		{515A918B-E60E-4FC3-951D-787E81B9C2D1}.Release|Any CPU.ActiveCfg = Release|Any CPU
		{515A918B-E60E-4FC3-951D-787E81B9C2D1}.Release|Any CPU.Build.0 = Release|Any CPU
		{0CE7251B-5E75-4E83-A3ED-2E724CC3324B}.Debug|Any CPU.ActiveCfg = Debug|Any CPU
		{0CE7251B-5E75-4E83-A3ED-2E724CC3324B}.Debug|Any CPU.Build.0 = Debug|Any CPU
		{0CE7251B-5E75-4E83-A3ED-2E724CC3324B}.Release|Any CPU.ActiveCfg = Release|Any CPU
		{0CE7251B-5E75-4E83-A3ED-2E724CC3324B}.Release|Any CPU.Build.0 = Release|Any CPU
		{8A8DB198-52B2-4481-879F-1FD7FA737DD0}.Debug|Any CPU.ActiveCfg = Debug|Any CPU
		{8A8DB198-52B2-4481-879F-1FD7FA737DD0}.Debug|Any CPU.Build.0 = Debug|Any CPU
		{8A8DB198-52B2-4481-879F-1FD7FA737DD0}.Release|Any CPU.ActiveCfg = Release|Any CPU
		{8A8DB198-52B2-4481-879F-1FD7FA737DD0}.Release|Any CPU.Build.0 = Release|Any CPU
		{83D36FCC-2FCA-4AD9-AA81-4608B90B74B0}.Debug|Any CPU.ActiveCfg = Debug|Any CPU
		{83D36FCC-2FCA-4AD9-AA81-4608B90B74B0}.Debug|Any CPU.Build.0 = Debug|Any CPU
		{83D36FCC-2FCA-4AD9-AA81-4608B90B74B0}.Release|Any CPU.ActiveCfg = Release|Any CPU
		{83D36FCC-2FCA-4AD9-AA81-4608B90B74B0}.Release|Any CPU.Build.0 = Release|Any CPU
		{3347BBDA-EF3F-435E-B03D-9806CEC0F1EC}.Debug|Any CPU.ActiveCfg = Debug|Any CPU
		{3347BBDA-EF3F-435E-B03D-9806CEC0F1EC}.Debug|Any CPU.Build.0 = Debug|Any CPU
		{3347BBDA-EF3F-435E-B03D-9806CEC0F1EC}.Release|Any CPU.ActiveCfg = Release|Any CPU
		{3347BBDA-EF3F-435E-B03D-9806CEC0F1EC}.Release|Any CPU.Build.0 = Release|Any CPU
		{441B5058-1377-4C15-BB35-C876C42F5018}.Debug|Any CPU.ActiveCfg = Debug|Any CPU
		{441B5058-1377-4C15-BB35-C876C42F5018}.Debug|Any CPU.Build.0 = Debug|Any CPU
		{441B5058-1377-4C15-BB35-C876C42F5018}.Release|Any CPU.ActiveCfg = Release|Any CPU
		{441B5058-1377-4C15-BB35-C876C42F5018}.Release|Any CPU.Build.0 = Release|Any CPU
		{BC5898BF-9820-446B-A316-268F29135B21}.Debug|Any CPU.ActiveCfg = Debug|Any CPU
		{BC5898BF-9820-446B-A316-268F29135B21}.Debug|Any CPU.Build.0 = Debug|Any CPU
		{BC5898BF-9820-446B-A316-268F29135B21}.Release|Any CPU.ActiveCfg = Release|Any CPU
		{BC5898BF-9820-446B-A316-268F29135B21}.Release|Any CPU.Build.0 = Release|Any CPU
		{E01D2D02-5DF2-4782-9082-2CEFD961A314}.Debug|Any CPU.ActiveCfg = Debug|Any CPU
		{E01D2D02-5DF2-4782-9082-2CEFD961A314}.Debug|Any CPU.Build.0 = Debug|Any CPU
		{E01D2D02-5DF2-4782-9082-2CEFD961A314}.Release|Any CPU.ActiveCfg = Release|Any CPU
		{E01D2D02-5DF2-4782-9082-2CEFD961A314}.Release|Any CPU.Build.0 = Release|Any CPU
		{22E6FF9B-BEE1-4C21-94DE-8FCEF5FEA4BC}.Debug|Any CPU.ActiveCfg = Debug|Any CPU
		{22E6FF9B-BEE1-4C21-94DE-8FCEF5FEA4BC}.Debug|Any CPU.Build.0 = Debug|Any CPU
		{22E6FF9B-BEE1-4C21-94DE-8FCEF5FEA4BC}.Release|Any CPU.ActiveCfg = Release|Any CPU
		{22E6FF9B-BEE1-4C21-94DE-8FCEF5FEA4BC}.Release|Any CPU.Build.0 = Release|Any CPU
		{CC60A853-490E-4A24-BFD7-9D884A63343B}.Debug|Any CPU.ActiveCfg = Debug|Any CPU
		{CC60A853-490E-4A24-BFD7-9D884A63343B}.Debug|Any CPU.Build.0 = Debug|Any CPU
		{CC60A853-490E-4A24-BFD7-9D884A63343B}.Release|Any CPU.ActiveCfg = Release|Any CPU
		{CC60A853-490E-4A24-BFD7-9D884A63343B}.Release|Any CPU.Build.0 = Release|Any CPU
		{E6F4968B-31F7-4F80-A572-13C3B882A0EC}.Debug|Any CPU.ActiveCfg = Debug|Any CPU
		{E6F4968B-31F7-4F80-A572-13C3B882A0EC}.Debug|Any CPU.Build.0 = Debug|Any CPU
		{E6F4968B-31F7-4F80-A572-13C3B882A0EC}.Release|Any CPU.ActiveCfg = Release|Any CPU
		{E6F4968B-31F7-4F80-A572-13C3B882A0EC}.Release|Any CPU.Build.0 = Release|Any CPU
		{4C5E98AF-1571-44F8-857E-B927B5EAFF71}.Debug|Any CPU.ActiveCfg = Debug|Any CPU
		{4C5E98AF-1571-44F8-857E-B927B5EAFF71}.Debug|Any CPU.Build.0 = Debug|Any CPU
		{4C5E98AF-1571-44F8-857E-B927B5EAFF71}.Release|Any CPU.ActiveCfg = Release|Any CPU
		{4C5E98AF-1571-44F8-857E-B927B5EAFF71}.Release|Any CPU.Build.0 = Release|Any CPU
		{1C1B2B2A-EC7F-4533-836C-EADB2DF1085C}.Debug|Any CPU.ActiveCfg = Debug|Any CPU
		{1C1B2B2A-EC7F-4533-836C-EADB2DF1085C}.Debug|Any CPU.Build.0 = Debug|Any CPU
		{1C1B2B2A-EC7F-4533-836C-EADB2DF1085C}.Release|Any CPU.ActiveCfg = Release|Any CPU
		{1C1B2B2A-EC7F-4533-836C-EADB2DF1085C}.Release|Any CPU.Build.0 = Release|Any CPU
		{5C72E44D-8EA3-48B8-901B-DCC7ED0B2369}.Debug|Any CPU.ActiveCfg = Debug|Any CPU
		{5C72E44D-8EA3-48B8-901B-DCC7ED0B2369}.Debug|Any CPU.Build.0 = Debug|Any CPU
		{5C72E44D-8EA3-48B8-901B-DCC7ED0B2369}.Release|Any CPU.ActiveCfg = Release|Any CPU
		{5C72E44D-8EA3-48B8-901B-DCC7ED0B2369}.Release|Any CPU.Build.0 = Release|Any CPU
		{F8AD37E0-5508-48F1-BF11-EA07EF562FD6}.Debug|Any CPU.ActiveCfg = Debug|Any CPU
		{F8AD37E0-5508-48F1-BF11-EA07EF562FD6}.Debug|Any CPU.Build.0 = Debug|Any CPU
		{F8AD37E0-5508-48F1-BF11-EA07EF562FD6}.Release|Any CPU.ActiveCfg = Release|Any CPU
		{F8AD37E0-5508-48F1-BF11-EA07EF562FD6}.Release|Any CPU.Build.0 = Release|Any CPU
		{BE667349-B17E-4105-B4EF-D8CD6A074EC7}.Debug|Any CPU.ActiveCfg = Debug|Any CPU
		{BE667349-B17E-4105-B4EF-D8CD6A074EC7}.Debug|Any CPU.Build.0 = Debug|Any CPU
		{BE667349-B17E-4105-B4EF-D8CD6A074EC7}.Release|Any CPU.ActiveCfg = Release|Any CPU
		{BE667349-B17E-4105-B4EF-D8CD6A074EC7}.Release|Any CPU.Build.0 = Release|Any CPU
		{0A3D7CDA-60B5-4EA1-B2D8-5884727FDE1B}.Debug|Any CPU.ActiveCfg = Debug|Any CPU
		{0A3D7CDA-60B5-4EA1-B2D8-5884727FDE1B}.Debug|Any CPU.Build.0 = Debug|Any CPU
		{0A3D7CDA-60B5-4EA1-B2D8-5884727FDE1B}.Release|Any CPU.ActiveCfg = Release|Any CPU
		{0A3D7CDA-60B5-4EA1-B2D8-5884727FDE1B}.Release|Any CPU.Build.0 = Release|Any CPU
		{28738F8E-831A-40E0-85BA-63528E06BB98}.Debug|Any CPU.ActiveCfg = Debug|Any CPU
		{28738F8E-831A-40E0-85BA-63528E06BB98}.Debug|Any CPU.Build.0 = Debug|Any CPU
		{28738F8E-831A-40E0-85BA-63528E06BB98}.Release|Any CPU.ActiveCfg = Release|Any CPU
		{28738F8E-831A-40E0-85BA-63528E06BB98}.Release|Any CPU.Build.0 = Release|Any CPU
		{A18C55CA-8D63-418A-B556-088CB9C91A99}.Debug|Any CPU.ActiveCfg = Debug|Any CPU
		{A18C55CA-8D63-418A-B556-088CB9C91A99}.Debug|Any CPU.Build.0 = Debug|Any CPU
		{A18C55CA-8D63-418A-B556-088CB9C91A99}.Release|Any CPU.ActiveCfg = Release|Any CPU
		{A18C55CA-8D63-418A-B556-088CB9C91A99}.Release|Any CPU.Build.0 = Release|Any CPU
		{ABB38EB5-E5DD-464C-943D-01DACE4F9698}.Debug|Any CPU.ActiveCfg = Debug|Any CPU
		{ABB38EB5-E5DD-464C-943D-01DACE4F9698}.Debug|Any CPU.Build.0 = Debug|Any CPU
		{ABB38EB5-E5DD-464C-943D-01DACE4F9698}.Release|Any CPU.ActiveCfg = Release|Any CPU
		{ABB38EB5-E5DD-464C-943D-01DACE4F9698}.Release|Any CPU.Build.0 = Release|Any CPU
		{32D8B289-A353-4DB9-8E55-50BC773665B1}.Debug|Any CPU.ActiveCfg = Debug|Any CPU
		{32D8B289-A353-4DB9-8E55-50BC773665B1}.Debug|Any CPU.Build.0 = Debug|Any CPU
		{32D8B289-A353-4DB9-8E55-50BC773665B1}.Release|Any CPU.ActiveCfg = Release|Any CPU
		{32D8B289-A353-4DB9-8E55-50BC773665B1}.Release|Any CPU.Build.0 = Release|Any CPU
		{AFC0CCDF-A5C1-49A0-A217-5409AB7EAB16}.Debug|Any CPU.ActiveCfg = Debug|Any CPU
		{AFC0CCDF-A5C1-49A0-A217-5409AB7EAB16}.Debug|Any CPU.Build.0 = Debug|Any CPU
		{AFC0CCDF-A5C1-49A0-A217-5409AB7EAB16}.Release|Any CPU.ActiveCfg = Release|Any CPU
		{AFC0CCDF-A5C1-49A0-A217-5409AB7EAB16}.Release|Any CPU.Build.0 = Release|Any CPU
		{9C6DDF1C-CC6D-4708-89F9-094077A5DE0C}.Debug|Any CPU.ActiveCfg = Debug|Any CPU
		{9C6DDF1C-CC6D-4708-89F9-094077A5DE0C}.Debug|Any CPU.Build.0 = Debug|Any CPU
		{9C6DDF1C-CC6D-4708-89F9-094077A5DE0C}.Release|Any CPU.ActiveCfg = Release|Any CPU
		{9C6DDF1C-CC6D-4708-89F9-094077A5DE0C}.Release|Any CPU.Build.0 = Release|Any CPU
		{575E0F16-EB42-4226-945A-736D545087C2}.Debug|Any CPU.ActiveCfg = Debug|Any CPU
		{575E0F16-EB42-4226-945A-736D545087C2}.Debug|Any CPU.Build.0 = Debug|Any CPU
		{575E0F16-EB42-4226-945A-736D545087C2}.Release|Any CPU.ActiveCfg = Release|Any CPU
		{575E0F16-EB42-4226-945A-736D545087C2}.Release|Any CPU.Build.0 = Release|Any CPU
		{6492B40C-647C-4051-BFA5-85C80694D0DD}.Debug|Any CPU.ActiveCfg = Debug|Any CPU
		{6492B40C-647C-4051-BFA5-85C80694D0DD}.Debug|Any CPU.Build.0 = Debug|Any CPU
		{6492B40C-647C-4051-BFA5-85C80694D0DD}.Release|Any CPU.ActiveCfg = Release|Any CPU
		{6492B40C-647C-4051-BFA5-85C80694D0DD}.Release|Any CPU.Build.0 = Release|Any CPU
		{724D5AEB-093B-4101-9CCD-574611B47FEF}.Debug|Any CPU.ActiveCfg = Debug|Any CPU
		{724D5AEB-093B-4101-9CCD-574611B47FEF}.Debug|Any CPU.Build.0 = Debug|Any CPU
		{724D5AEB-093B-4101-9CCD-574611B47FEF}.Release|Any CPU.ActiveCfg = Release|Any CPU
		{724D5AEB-093B-4101-9CCD-574611B47FEF}.Release|Any CPU.Build.0 = Release|Any CPU
		{4B1EC7D6-F8FE-42E9-9242-67AAD26E5E7A}.Debug|Any CPU.ActiveCfg = Debug|Any CPU
		{4B1EC7D6-F8FE-42E9-9242-67AAD26E5E7A}.Debug|Any CPU.Build.0 = Debug|Any CPU
		{4B1EC7D6-F8FE-42E9-9242-67AAD26E5E7A}.Release|Any CPU.ActiveCfg = Release|Any CPU
		{4B1EC7D6-F8FE-42E9-9242-67AAD26E5E7A}.Release|Any CPU.Build.0 = Release|Any CPU
		{9704D5FB-E3AA-42A7-A628-7D140F5650B5}.Debug|Any CPU.ActiveCfg = Debug|Any CPU
		{9704D5FB-E3AA-42A7-A628-7D140F5650B5}.Debug|Any CPU.Build.0 = Debug|Any CPU
		{9704D5FB-E3AA-42A7-A628-7D140F5650B5}.Release|Any CPU.ActiveCfg = Release|Any CPU
		{9704D5FB-E3AA-42A7-A628-7D140F5650B5}.Release|Any CPU.Build.0 = Release|Any CPU
		{20626FFC-4FDC-4632-B87A-C9F3ECA11D06}.Debug|Any CPU.ActiveCfg = Debug|Any CPU
		{20626FFC-4FDC-4632-B87A-C9F3ECA11D06}.Debug|Any CPU.Build.0 = Debug|Any CPU
		{20626FFC-4FDC-4632-B87A-C9F3ECA11D06}.Release|Any CPU.ActiveCfg = Release|Any CPU
		{20626FFC-4FDC-4632-B87A-C9F3ECA11D06}.Release|Any CPU.Build.0 = Release|Any CPU
		{55CEBFCF-7014-4F54-97BA-1C0DC0C76ADA}.Debug|Any CPU.ActiveCfg = Debug|Any CPU
		{55CEBFCF-7014-4F54-97BA-1C0DC0C76ADA}.Debug|Any CPU.Build.0 = Debug|Any CPU
		{55CEBFCF-7014-4F54-97BA-1C0DC0C76ADA}.Release|Any CPU.ActiveCfg = Release|Any CPU
		{55CEBFCF-7014-4F54-97BA-1C0DC0C76ADA}.Release|Any CPU.Build.0 = Release|Any CPU
		{2C2A96BF-3173-4772-A942-9A8671C235A2}.Debug|Any CPU.ActiveCfg = Debug|Any CPU
		{2C2A96BF-3173-4772-A942-9A8671C235A2}.Debug|Any CPU.Build.0 = Debug|Any CPU
		{2C2A96BF-3173-4772-A942-9A8671C235A2}.Release|Any CPU.ActiveCfg = Release|Any CPU
		{2C2A96BF-3173-4772-A942-9A8671C235A2}.Release|Any CPU.Build.0 = Release|Any CPU
		{09FF5FA7-81B0-43C9-BC45-915A61518451}.Debug|Any CPU.ActiveCfg = Debug|Any CPU
		{09FF5FA7-81B0-43C9-BC45-915A61518451}.Debug|Any CPU.Build.0 = Debug|Any CPU
		{09FF5FA7-81B0-43C9-BC45-915A61518451}.Release|Any CPU.ActiveCfg = Release|Any CPU
		{09FF5FA7-81B0-43C9-BC45-915A61518451}.Release|Any CPU.Build.0 = Release|Any CPU
		{CD9F9499-B20D-4D32-82D5-76719CFA1FDD}.Debug|Any CPU.ActiveCfg = Debug|Any CPU
		{CD9F9499-B20D-4D32-82D5-76719CFA1FDD}.Debug|Any CPU.Build.0 = Debug|Any CPU
		{CD9F9499-B20D-4D32-82D5-76719CFA1FDD}.Release|Any CPU.ActiveCfg = Release|Any CPU
		{CD9F9499-B20D-4D32-82D5-76719CFA1FDD}.Release|Any CPU.Build.0 = Release|Any CPU
		{0C1AF721-4728-4D30-83CE-0C6B3814C03C}.Debug|Any CPU.ActiveCfg = Debug|Any CPU
		{0C1AF721-4728-4D30-83CE-0C6B3814C03C}.Debug|Any CPU.Build.0 = Debug|Any CPU
		{0C1AF721-4728-4D30-83CE-0C6B3814C03C}.Release|Any CPU.ActiveCfg = Release|Any CPU
		{0C1AF721-4728-4D30-83CE-0C6B3814C03C}.Release|Any CPU.Build.0 = Release|Any CPU
		{C7A798A0-8A48-43E4-B846-23F235784C60}.Debug|Any CPU.ActiveCfg = Debug|Any CPU
		{C7A798A0-8A48-43E4-B846-23F235784C60}.Debug|Any CPU.Build.0 = Debug|Any CPU
		{C7A798A0-8A48-43E4-B846-23F235784C60}.Release|Any CPU.ActiveCfg = Release|Any CPU
		{C7A798A0-8A48-43E4-B846-23F235784C60}.Release|Any CPU.Build.0 = Release|Any CPU
		{BDC5C01A-7FF2-48AB-80DA-DA7B2F290BFB}.Debug|Any CPU.ActiveCfg = Debug|Any CPU
		{BDC5C01A-7FF2-48AB-80DA-DA7B2F290BFB}.Debug|Any CPU.Build.0 = Debug|Any CPU
		{BDC5C01A-7FF2-48AB-80DA-DA7B2F290BFB}.Release|Any CPU.ActiveCfg = Release|Any CPU
		{BDC5C01A-7FF2-48AB-80DA-DA7B2F290BFB}.Release|Any CPU.Build.0 = Release|Any CPU
		{4D0062ED-7E91-477D-9B0D-3D1C16EA9974}.Debug|Any CPU.ActiveCfg = Debug|Any CPU
		{4D0062ED-7E91-477D-9B0D-3D1C16EA9974}.Debug|Any CPU.Build.0 = Debug|Any CPU
		{4D0062ED-7E91-477D-9B0D-3D1C16EA9974}.Release|Any CPU.ActiveCfg = Release|Any CPU
		{4D0062ED-7E91-477D-9B0D-3D1C16EA9974}.Release|Any CPU.Build.0 = Release|Any CPU
	EndGlobalSection
	GlobalSection(SolutionProperties) = preSolution
		HideSolutionNode = FALSE
	EndGlobalSection
	GlobalSection(NestedProjects) = preSolution
		{74D25DA8-0D29-424E-AFA6-1250AEF864BB} = {C3DE9A35-58C3-4D69-A001-2B1678FAE6C3}
		{8A89F6E9-1CA0-4092-BE45-17CBC51A6A3A} = {C3DE9A35-58C3-4D69-A001-2B1678FAE6C3}
		{E663D88A-1333-4CDC-8D3E-58184140D2C9} = {C3DE9A35-58C3-4D69-A001-2B1678FAE6C3}
		{AFF0A426-18EF-40CC-B0EA-291A2999D2FD} = {C3DE9A35-58C3-4D69-A001-2B1678FAE6C3}
		{2D581219-7D6B-4B99-A0AF-3B9AAB482F36} = {C3DE9A35-58C3-4D69-A001-2B1678FAE6C3}
		{B47BAC00-F5A5-40A1-BD7A-414632B514E8} = {C3DE9A35-58C3-4D69-A001-2B1678FAE6C3}
		{9E49E8AE-E9EA-4702-BCFB-63D12D87D167} = {C3DE9A35-58C3-4D69-A001-2B1678FAE6C3}
		{538F1968-B9D6-43E6-B888-677543F210B3} = {C3DE9A35-58C3-4D69-A001-2B1678FAE6C3}
		{707E22DC-6D79-4110-A7B5-4711313FE9FE} = {C3DE9A35-58C3-4D69-A001-2B1678FAE6C3}
		{B0B38E7C-AEE3-49AE-8B06-FADA2623E2FF} = {C3DE9A35-58C3-4D69-A001-2B1678FAE6C3}
		{49CCCEC6-5100-4114-8ED2-07315341A62B} = {C3DE9A35-58C3-4D69-A001-2B1678FAE6C3}
		{38FDE168-50FD-42CA-BD3A-1E826AAE69DA} = {C3DE9A35-58C3-4D69-A001-2B1678FAE6C3}
		{029DC8A0-6DF0-4AC4-8D2C-B14AF1007650} = {C3DE9A35-58C3-4D69-A001-2B1678FAE6C3}
		{61B15788-4E36-46C0-8B49-F51E14C167D4} = {C3DE9A35-58C3-4D69-A001-2B1678FAE6C3}
		{78E3AD50-77AB-4FBD-BD05-86D1E80EFFB9} = {C3DE9A35-58C3-4D69-A001-2B1678FAE6C3}
		{3C3410FE-DACC-439C-95D4-5576F2115625} = {C3DE9A35-58C3-4D69-A001-2B1678FAE6C3}
		{136571AD-A10A-4BCF-9FA3-F6EF320BA8D1} = {C3DE9A35-58C3-4D69-A001-2B1678FAE6C3}
		{515A918B-E60E-4FC3-951D-787E81B9C2D1} = {C3DE9A35-58C3-4D69-A001-2B1678FAE6C3}
		{0CE7251B-5E75-4E83-A3ED-2E724CC3324B} = {C3DE9A35-58C3-4D69-A001-2B1678FAE6C3}
		{8A8DB198-52B2-4481-879F-1FD7FA737DD0} = {C3DE9A35-58C3-4D69-A001-2B1678FAE6C3}
		{83D36FCC-2FCA-4AD9-AA81-4608B90B74B0} = {C3DE9A35-58C3-4D69-A001-2B1678FAE6C3}
		{3347BBDA-EF3F-435E-B03D-9806CEC0F1EC} = {C3DE9A35-58C3-4D69-A001-2B1678FAE6C3}
		{441B5058-1377-4C15-BB35-C876C42F5018} = {C3DE9A35-58C3-4D69-A001-2B1678FAE6C3}
		{BC5898BF-9820-446B-A316-268F29135B21} = {C3DE9A35-58C3-4D69-A001-2B1678FAE6C3}
		{E01D2D02-5DF2-4782-9082-2CEFD961A314} = {C3DE9A35-58C3-4D69-A001-2B1678FAE6C3}
		{22E6FF9B-BEE1-4C21-94DE-8FCEF5FEA4BC} = {C3DE9A35-58C3-4D69-A001-2B1678FAE6C3}
		{CC60A853-490E-4A24-BFD7-9D884A63343B} = {C3DE9A35-58C3-4D69-A001-2B1678FAE6C3}
		{E6F4968B-31F7-4F80-A572-13C3B882A0EC} = {C3DE9A35-58C3-4D69-A001-2B1678FAE6C3}
		{4C5E98AF-1571-44F8-857E-B927B5EAFF71} = {C3DE9A35-58C3-4D69-A001-2B1678FAE6C3}
		{1C1B2B2A-EC7F-4533-836C-EADB2DF1085C} = {C3DE9A35-58C3-4D69-A001-2B1678FAE6C3}
		{5C72E44D-8EA3-48B8-901B-DCC7ED0B2369} = {C3DE9A35-58C3-4D69-A001-2B1678FAE6C3}
		{F8AD37E0-5508-48F1-BF11-EA07EF562FD6} = {C3DE9A35-58C3-4D69-A001-2B1678FAE6C3}
		{BE667349-B17E-4105-B4EF-D8CD6A074EC7} = {C3DE9A35-58C3-4D69-A001-2B1678FAE6C3}
		{0A3D7CDA-60B5-4EA1-B2D8-5884727FDE1B} = {C3DE9A35-58C3-4D69-A001-2B1678FAE6C3}
		{A18C55CA-8D63-418A-B556-088CB9C91A99} = {C3DE9A35-58C3-4D69-A001-2B1678FAE6C3}
		{ABB38EB5-E5DD-464C-943D-01DACE4F9698} = {C3DE9A35-58C3-4D69-A001-2B1678FAE6C3}
		{32D8B289-A353-4DB9-8E55-50BC773665B1} = {C3DE9A35-58C3-4D69-A001-2B1678FAE6C3}
		{AFC0CCDF-A5C1-49A0-A217-5409AB7EAB16} = {C3DE9A35-58C3-4D69-A001-2B1678FAE6C3}
		{575E0F16-EB42-4226-945A-736D545087C2} = {C3DE9A35-58C3-4D69-A001-2B1678FAE6C3}
		{6492B40C-647C-4051-BFA5-85C80694D0DD} = {C3DE9A35-58C3-4D69-A001-2B1678FAE6C3}
		{724D5AEB-093B-4101-9CCD-574611B47FEF} = {C3DE9A35-58C3-4D69-A001-2B1678FAE6C3}
		{4B1EC7D6-F8FE-42E9-9242-67AAD26E5E7A} = {C3DE9A35-58C3-4D69-A001-2B1678FAE6C3}
		{9704D5FB-E3AA-42A7-A628-7D140F5650B5} = {C3DE9A35-58C3-4D69-A001-2B1678FAE6C3}
		{20626FFC-4FDC-4632-B87A-C9F3ECA11D06} = {C3DE9A35-58C3-4D69-A001-2B1678FAE6C3}
		{55CEBFCF-7014-4F54-97BA-1C0DC0C76ADA} = {C3DE9A35-58C3-4D69-A001-2B1678FAE6C3}
		{2C2A96BF-3173-4772-A942-9A8671C235A2} = {C3DE9A35-58C3-4D69-A001-2B1678FAE6C3}
		{09FF5FA7-81B0-43C9-BC45-915A61518451} = {C3DE9A35-58C3-4D69-A001-2B1678FAE6C3}
		{CD9F9499-B20D-4D32-82D5-76719CFA1FDD} = {C3DE9A35-58C3-4D69-A001-2B1678FAE6C3}
		{0C1AF721-4728-4D30-83CE-0C6B3814C03C} = {C3DE9A35-58C3-4D69-A001-2B1678FAE6C3}
		{C7A798A0-8A48-43E4-B846-23F235784C60} = {C3DE9A35-58C3-4D69-A001-2B1678FAE6C3}
		{BDC5C01A-7FF2-48AB-80DA-DA7B2F290BFB} = {C3DE9A35-58C3-4D69-A001-2B1678FAE6C3}
		{4D0062ED-7E91-477D-9B0D-3D1C16EA9974} = {C3DE9A35-58C3-4D69-A001-2B1678FAE6C3}
	EndGlobalSection
	GlobalSection(ExtensibilityGlobals) = postSolution
		SolutionGuid = {19C4DA00-8CFA-4858-8B93-6450956340AE}
	EndGlobalSection
EndGlobal
