
Microsoft Visual Studio Solution File, Format Version 12.00
# Visual Studio Version 17
VisualStudioVersion = 17.2.32630.192
MinimumVisualStudioVersion = 10.0.40219.1
Project("{9A19103F-16F7-4668-BE54-9A1E7A4F7556}") = "R5T.S0061", "R5T.S0061\R5T.S0061.csproj", "{F40C0E31-CB53-4547-8A64-D360D78FCD01}"
EndProject
Global
	GlobalSection(SolutionConfigurationPlatforms) = preSolution
		Debug|Any CPU = Debug|Any CPU
		Release|Any CPU = Release|Any CPU
	EndGlobalSection
	GlobalSection(ProjectConfigurationPlatforms) = postSolution
		{F40C0E31-CB53-4547-8A64-D360D78FCD01}.Debug|Any CPU.ActiveCfg = Debug|Any CPU
		{F40C0E31-CB53-4547-8A64-D360D78FCD01}.Debug|Any CPU.Build.0 = Debug|Any CPU
		{F40C0E31-CB53-4547-8A64-D360D78FCD01}.Release|Any CPU.ActiveCfg = Release|Any CPU
		{F40C0E31-CB53-4547-8A64-D360D78FCD01}.Release|Any CPU.Build.0 = Release|Any CPU
	EndGlobalSection
	GlobalSection(SolutionProperties) = preSolution
		HideSolutionNode = FALSE
	EndGlobalSection
	GlobalSection(ExtensibilityGlobals) = postSolution
		SolutionGuid = {19C4DA00-8CFA-4858-8B93-6450956340AE}
	EndGlobalSection
EndGlobal
