
Microsoft Visual Studio Solution File, Format Version 12.00
# Visual Studio Version 17
VisualStudioVersion = 17.2.32630.192
MinimumVisualStudioVersion = 10.0.40219.1
Project("{9A19103F-16F7-4668-BE54-9A1E7A4F7556}") = "R5T.S0061", "R5T.S0061\R5T.S0061.csproj", "{F40C0E31-CB53-4547-8A64-D360D78FCD01}"
EndProject
Project("{2150E333-8FDC-42A3-9474-1A3956D46DE8}") = "_Dependencies", "_Dependencies", "{C3DE9A35-58C3-4D69-A001-2B1678FAE6C3}"
EndProject
Project("{9A19103F-16F7-4668-BE54-9A1E7A4F7556}") = "R5T.F0000", "..\..\R5T.F0000\source\R5T.F0000\R5T.F0000.csproj", "{74D25DA8-0D29-424E-AFA6-1250AEF864BB}"
EndProject
Project("{9A19103F-16F7-4668-BE54-9A1E7A4F7556}") = "R5T.T0131", "..\..\R5T.T0131\source\R5T.T0131\R5T.T0131.csproj", "{8A89F6E9-1CA0-4092-BE45-17CBC51A6A3A}"
EndProject
Project("{9A19103F-16F7-4668-BE54-9A1E7A4F7556}") = "R5T.T0132", "..\..\R5T.T0132\source\R5T.T0132\R5T.T0132.csproj", "{E663D88A-1333-4CDC-8D3E-58184140D2C9}"
EndProject
Project("{9A19103F-16F7-4668-BE54-9A1E7A4F7556}") = "R5T.T0142", "..\..\R5T.T0142\source\R5T.T0142\R5T.T0142.csproj", "{AFF0A426-18EF-40CC-B0EA-291A2999D2FD}"
EndProject
Project("{9A19103F-16F7-4668-BE54-9A1E7A4F7556}") = "R5T.T0143", "..\..\R5T.T0143\source\R5T.T0143\R5T.T0143.csproj", "{2D581219-7D6B-4B99-A0AF-3B9AAB482F36}"
EndProject
Project("{9A19103F-16F7-4668-BE54-9A1E7A4F7556}") = "R5T.Y0000", "..\..\R5T.Y0000\source\R5T.Y0000\R5T.Y0000.csproj", "{B47BAC00-F5A5-40A1-BD7A-414632B514E8}"
EndProject
Project("{9A19103F-16F7-4668-BE54-9A1E7A4F7556}") = "R5T.Z0000", "..\..\R5T.Z0000\source\R5T.Z0000\R5T.Z0000.csproj", "{9E49E8AE-E9EA-4702-BCFB-63D12D87D167}"
EndProject
Project("{9A19103F-16F7-4668-BE54-9A1E7A4F7556}") = "R5T.Z0026", "..\..\R5T.Z0026\source\R5T.Z0026\R5T.Z0026.csproj", "{43626042-A912-43A6-919C-CC27CA852A85}"
EndProject
Project("{9A19103F-16F7-4668-BE54-9A1E7A4F7556}") = "R5T.F0098", "..\..\R5T.F0098\source\R5T.F0098\R5T.F0098.csproj", "{3AF69833-A00E-4973-9C55-5B5B68E0177B}"
EndProject
Project("{9A19103F-16F7-4668-BE54-9A1E7A4F7556}") = "R5T.F0035", "..\..\R5T.F0035\source\R5T.F0035\R5T.F0035.csproj", "{538F1968-B9D6-43E6-B888-677543F210B3}"
EndProject
Project("{9A19103F-16F7-4668-BE54-9A1E7A4F7556}") = "R5T.Z0022", "..\..\R5T.Z0022.Private\source\R5T.Z0022\R5T.Z0022.csproj", "{707E22DC-6D79-4110-A7B5-4711313FE9FE}"
EndProject
Project("{9A19103F-16F7-4668-BE54-9A1E7A4F7556}") = "R5T.F0082", "..\..\R5T.F0082\source\R5T.F0082\R5T.F0082.csproj", "{B0B38E7C-AEE3-49AE-8B06-FADA2623E2FF}"
EndProject
Project("{9A19103F-16F7-4668-BE54-9A1E7A4F7556}") = "R5T.Z0010", "..\..\R5T.Z0010\source\R5T.Z0010\R5T.Z0010.csproj", "{49CCCEC6-5100-4114-8ED2-07315341A62B}"
EndProject
Project("{9A19103F-16F7-4668-BE54-9A1E7A4F7556}") = "R5T.F0032", "..\..\R5T.F0032\source\R5T.F0032\R5T.F0032.csproj", "{38FDE168-50FD-42CA-BD3A-1E826AAE69DA}"
EndProject
Project("{9A19103F-16F7-4668-BE54-9A1E7A4F7556}") = "R5T.S0061.T001", "R5T.S0061.T001\R5T.S0061.T001.csproj", "{F7802891-0B6C-4883-8102-0D4C4D9F5FC3}"
EndProject
Project("{9A19103F-16F7-4668-BE54-9A1E7A4F7556}") = "R5T.F0052", "..\..\R5T.F0052\source\R5T.F0052\R5T.F0052.csproj", "{029DC8A0-6DF0-4AC4-8D2C-B14AF1007650}"
EndProject
Project("{9A19103F-16F7-4668-BE54-9A1E7A4F7556}") = "R5T.Z0012", "..\..\R5T.Z0012\source\R5T.Z0012\R5T.Z0012.csproj", "{61B15788-4E36-46C0-8B49-F51E14C167D4}"
EndProject
Project("{9A19103F-16F7-4668-BE54-9A1E7A4F7556}") = "R5T.F0027", "..\..\R5T.F0027\source\R5T.F0027\R5T.F0027.csproj", "{78E3AD50-77AB-4FBD-BD05-86D1E80EFFB9}"
EndProject
Project("{9A19103F-16F7-4668-BE54-9A1E7A4F7556}") = "R5T.F0040", "..\..\R5T.F0040\source\R5T.F0040\R5T.F0040.csproj", "{3C3410FE-DACC-439C-95D4-5576F2115625}"
EndProject
Project("{9A19103F-16F7-4668-BE54-9A1E7A4F7556}") = "R5T.Z0006", "..\..\R5T.Z0006\source\R5T.Z0006\R5T.Z0006.csproj", "{136571AD-A10A-4BCF-9FA3-F6EF320BA8D1}"
EndProject
Project("{9A19103F-16F7-4668-BE54-9A1E7A4F7556}") = "R5T.S0061.Z001", "R5T.S0061.Z001\R5T.S0061.Z001.csproj", "{4646B4E7-D4F5-411E-B26D-F3BEA69AE82B}"
EndProject
Project("{9A19103F-16F7-4668-BE54-9A1E7A4F7556}") = "R5T.F0018", "..\..\R5T.F0018\source\R5T.F0018\R5T.F0018.csproj", "{515A918B-E60E-4FC3-951D-787E81B9C2D1}"
EndProject
Project("{9A19103F-16F7-4668-BE54-9A1E7A4F7556}") = "R5T.F0017.F002", "..\..\R5T.F0017\source\R5T.F0017.F002\R5T.F0017.F002.csproj", "{0CE7251B-5E75-4E83-A3ED-2E724CC3324B}"
EndProject
Project("{9A19103F-16F7-4668-BE54-9A1E7A4F7556}") = "D8S.Z0003", "..\..\..\davidcoats\D8S.Z0003.Private\source\D8S.Z0003\D8S.Z0003.csproj", "{D5347279-4E2B-44D0-83B1-5465E6FCED88}"
EndProject
Project("{9A19103F-16F7-4668-BE54-9A1E7A4F7556}") = "R5T.F0097", "..\..\R5T.F0097\source\R5T.F0097\R5T.F0097.csproj", "{BB147C91-F921-44EB-8A03-7DDA9F0BD435}"
EndProject
Project("{9A19103F-16F7-4668-BE54-9A1E7A4F7556}") = "D8S.Z0001", "..\..\..\davidcoats\D8S.Z0001.Private\source\D8S.Z0001\D8S.Z0001.csproj", "{4157DE3E-8995-4555-8F84-5BE69DB6233B}"
EndProject
Project("{9A19103F-16F7-4668-BE54-9A1E7A4F7556}") = "R5T.F0002", "..\..\R5T.F0002\source\R5T.F0002\R5T.F0002.csproj", "{8A8DB198-52B2-4481-879F-1FD7FA737DD0}"
EndProject
Project("{9A19103F-16F7-4668-BE54-9A1E7A4F7556}") = "R5T.F0020", "..\..\R5T.F0020\source\R5T.F0020\R5T.F0020.csproj", "{83D36FCC-2FCA-4AD9-AA81-4608B90B74B0}"
EndProject
Project("{9A19103F-16F7-4668-BE54-9A1E7A4F7556}") = "R5T.F0026", "..\..\R5T.F0026\source\R5T.F0026\R5T.F0026.csproj", "{3347BBDA-EF3F-435E-B03D-9806CEC0F1EC}"
EndProject
Project("{9A19103F-16F7-4668-BE54-9A1E7A4F7556}") = "R5T.F0040.F000", "..\..\R5T.F0040\source\R5T.F0040.F000\R5T.F0040.F000.csproj", "{441B5058-1377-4C15-BB35-C876C42F5018}"
EndProject
Project("{9A19103F-16F7-4668-BE54-9A1E7A4F7556}") = "R5T.F0050", "..\..\R5T.F0050\source\R5T.F0050\R5T.F0050.csproj", "{BC5898BF-9820-446B-A316-268F29135B21}"
EndProject
Project("{9A19103F-16F7-4668-BE54-9A1E7A4F7556}") = "R5T.F0053", "..\..\R5T.F0053\source\R5T.F0053\R5T.F0053.csproj", "{E01D2D02-5DF2-4782-9082-2CEFD961A314}"
EndProject
Project("{9A19103F-16F7-4668-BE54-9A1E7A4F7556}") = "R5T.F0054", "..\..\R5T.F0054\source\R5T.F0054\R5T.F0054.csproj", "{22E6FF9B-BEE1-4C21-94DE-8FCEF5FEA4BC}"
EndProject
Project("{9A19103F-16F7-4668-BE54-9A1E7A4F7556}") = "R5T.NG0002", "..\..\R5T.NG0002\source\R5T.NG0002\R5T.NG0002.csproj", "{CC60A853-490E-4A24-BFD7-9D884A63343B}"
EndProject
Project("{9A19103F-16F7-4668-BE54-9A1E7A4F7556}") = "R5T.NG0003", "..\..\R5T.NG0003\source\R5T.NG0003\R5T.NG0003.csproj", "{E6F4968B-31F7-4F80-A572-13C3B882A0EC}"
EndProject
Project("{9A19103F-16F7-4668-BE54-9A1E7A4F7556}") = "R5T.NG0006", "..\..\R5T.NG0006\source\R5T.NG0006\R5T.NG0006.csproj", "{4C5E98AF-1571-44F8-857E-B927B5EAFF71}"
EndProject
Project("{9A19103F-16F7-4668-BE54-9A1E7A4F7556}") = "R5T.NG0008", "..\..\R5T.NG0008\source\R5T.NG0008\R5T.NG0008.csproj", "{1C1B2B2A-EC7F-4533-836C-EADB2DF1085C}"
EndProject
Project("{9A19103F-16F7-4668-BE54-9A1E7A4F7556}") = "R5T.NG0010", "..\..\R5T.NG0010\source\R5T.NG0010\R5T.NG0010.csproj", "{5C72E44D-8EA3-48B8-901B-DCC7ED0B2369}"
EndProject
Project("{9A19103F-16F7-4668-BE54-9A1E7A4F7556}") = "R5T.T0144", "..\..\R5T.T0144\source\R5T.T0144\R5T.T0144.csproj", "{2F812B1A-BA50-4374-A100-98212A037E97}"
EndProject
Project("{9A19103F-16F7-4668-BE54-9A1E7A4F7556}") = "R5T.T0152", "..\..\R5T.T0152\source\R5T.T0152\R5T.T0152.csproj", "{F8AD37E0-5508-48F1-BF11-EA07EF562FD6}"
EndProject
Project("{9A19103F-16F7-4668-BE54-9A1E7A4F7556}") = "R5T.T0156", "..\..\R5T.T0156\source\R5T.T0156\R5T.T0156.csproj", "{BE667349-B17E-4105-B4EF-D8CD6A074EC7}"
EndProject
Project("{9A19103F-16F7-4668-BE54-9A1E7A4F7556}") = "R5T.Z0011", "..\..\R5T.Z0011\source\R5T.Z0011\R5T.Z0011.csproj", "{0A3D7CDA-60B5-4EA1-B2D8-5884727FDE1B}"
EndProject
Global
	GlobalSection(NestedProjects) = preSolution
		{74D25DA8-0D29-424E-AFA6-1250AEF864BB} = {C3DE9A35-58C3-4D69-A001-2B1678FAE6C3}
		{8A89F6E9-1CA0-4092-BE45-17CBC51A6A3A} = {C3DE9A35-58C3-4D69-A001-2B1678FAE6C3}
		{E663D88A-1333-4CDC-8D3E-58184140D2C9} = {C3DE9A35-58C3-4D69-A001-2B1678FAE6C3}
		{AFF0A426-18EF-40CC-B0EA-291A2999D2FD} = {C3DE9A35-58C3-4D69-A001-2B1678FAE6C3}
		{2D581219-7D6B-4B99-A0AF-3B9AAB482F36} = {C3DE9A35-58C3-4D69-A001-2B1678FAE6C3}
		{B47BAC00-F5A5-40A1-BD7A-414632B514E8} = {C3DE9A35-58C3-4D69-A001-2B1678FAE6C3}
		{9E49E8AE-E9EA-4702-BCFB-63D12D87D167} = {C3DE9A35-58C3-4D69-A001-2B1678FAE6C3}
		{43626042-A912-43A6-919C-CC27CA852A85} = {C3DE9A35-58C3-4D69-A001-2B1678FAE6C3}
		{3AF69833-A00E-4973-9C55-5B5B68E0177B} = {C3DE9A35-58C3-4D69-A001-2B1678FAE6C3}
		{538F1968-B9D6-43E6-B888-677543F210B3} = {C3DE9A35-58C3-4D69-A001-2B1678FAE6C3}
		{707E22DC-6D79-4110-A7B5-4711313FE9FE} = {C3DE9A35-58C3-4D69-A001-2B1678FAE6C3}
		{B0B38E7C-AEE3-49AE-8B06-FADA2623E2FF} = {C3DE9A35-58C3-4D69-A001-2B1678FAE6C3}
		{49CCCEC6-5100-4114-8ED2-07315341A62B} = {C3DE9A35-58C3-4D69-A001-2B1678FAE6C3}
		{38FDE168-50FD-42CA-BD3A-1E826AAE69DA} = {C3DE9A35-58C3-4D69-A001-2B1678FAE6C3}
		{029DC8A0-6DF0-4AC4-8D2C-B14AF1007650} = {C3DE9A35-58C3-4D69-A001-2B1678FAE6C3}
		{61B15788-4E36-46C0-8B49-F51E14C167D4} = {C3DE9A35-58C3-4D69-A001-2B1678FAE6C3}
		{78E3AD50-77AB-4FBD-BD05-86D1E80EFFB9} = {C3DE9A35-58C3-4D69-A001-2B1678FAE6C3}
		{3C3410FE-DACC-439C-95D4-5576F2115625} = {C3DE9A35-58C3-4D69-A001-2B1678FAE6C3}
		{136571AD-A10A-4BCF-9FA3-F6EF320BA8D1} = {C3DE9A35-58C3-4D69-A001-2B1678FAE6C3}
		{515A918B-E60E-4FC3-951D-787E81B9C2D1} = {C3DE9A35-58C3-4D69-A001-2B1678FAE6C3}
		{0CE7251B-5E75-4E83-A3ED-2E724CC3324B} = {C3DE9A35-58C3-4D69-A001-2B1678FAE6C3}
		{D5347279-4E2B-44D0-83B1-5465E6FCED88} = {C3DE9A35-58C3-4D69-A001-2B1678FAE6C3}
		{BB147C91-F921-44EB-8A03-7DDA9F0BD435} = {C3DE9A35-58C3-4D69-A001-2B1678FAE6C3}
		{4157DE3E-8995-4555-8F84-5BE69DB6233B} = {C3DE9A35-58C3-4D69-A001-2B1678FAE6C3}
		{8A8DB198-52B2-4481-879F-1FD7FA737DD0} = {C3DE9A35-58C3-4D69-A001-2B1678FAE6C3}
		{83D36FCC-2FCA-4AD9-AA81-4608B90B74B0} = {C3DE9A35-58C3-4D69-A001-2B1678FAE6C3}
		{3347BBDA-EF3F-435E-B03D-9806CEC0F1EC} = {C3DE9A35-58C3-4D69-A001-2B1678FAE6C3}
		{441B5058-1377-4C15-BB35-C876C42F5018} = {C3DE9A35-58C3-4D69-A001-2B1678FAE6C3}
		{BC5898BF-9820-446B-A316-268F29135B21} = {C3DE9A35-58C3-4D69-A001-2B1678FAE6C3}
		{E01D2D02-5DF2-4782-9082-2CEFD961A314} = {C3DE9A35-58C3-4D69-A001-2B1678FAE6C3}
		{22E6FF9B-BEE1-4C21-94DE-8FCEF5FEA4BC} = {C3DE9A35-58C3-4D69-A001-2B1678FAE6C3}
		{CC60A853-490E-4A24-BFD7-9D884A63343B} = {C3DE9A35-58C3-4D69-A001-2B1678FAE6C3}
		{E6F4968B-31F7-4F80-A572-13C3B882A0EC} = {C3DE9A35-58C3-4D69-A001-2B1678FAE6C3}
		{4C5E98AF-1571-44F8-857E-B927B5EAFF71} = {C3DE9A35-58C3-4D69-A001-2B1678FAE6C3}
		{1C1B2B2A-EC7F-4533-836C-EADB2DF1085C} = {C3DE9A35-58C3-4D69-A001-2B1678FAE6C3}
		{5C72E44D-8EA3-48B8-901B-DCC7ED0B2369} = {C3DE9A35-58C3-4D69-A001-2B1678FAE6C3}
		{2F812B1A-BA50-4374-A100-98212A037E97} = {C3DE9A35-58C3-4D69-A001-2B1678FAE6C3}
		{F8AD37E0-5508-48F1-BF11-EA07EF562FD6} = {C3DE9A35-58C3-4D69-A001-2B1678FAE6C3}
		{BE667349-B17E-4105-B4EF-D8CD6A074EC7} = {C3DE9A35-58C3-4D69-A001-2B1678FAE6C3}
		{0A3D7CDA-60B5-4EA1-B2D8-5884727FDE1B} = {C3DE9A35-58C3-4D69-A001-2B1678FAE6C3}
	EndGlobalSection
	GlobalSection(SolutionConfigurationPlatforms) = preSolution
		Debug|Any CPU = Debug|Any CPU
		Release|Any CPU = Release|Any CPU
	EndGlobalSection
	GlobalSection(ProjectConfigurationPlatforms) = postSolution
		{F40C0E31-CB53-4547-8A64-D360D78FCD01}.Debug|Any CPU.ActiveCfg = Debug|Any CPU
		{F40C0E31-CB53-4547-8A64-D360D78FCD01}.Debug|Any CPU.Build.0 = Debug|Any CPU
		{F40C0E31-CB53-4547-8A64-D360D78FCD01}.Release|Any CPU.ActiveCfg = Release|Any CPU
		{F40C0E31-CB53-4547-8A64-D360D78FCD01}.Release|Any CPU.Build.0 = Release|Any CPU
		{74D25DA8-0D29-424E-AFA6-1250AEF864BB}.Debug|Any CPU.ActiveCfg = Debug|Any CPU
		{74D25DA8-0D29-424E-AFA6-1250AEF864BB}.Debug|Any CPU.Build.0 = Debug|Any CPU
		{74D25DA8-0D29-424E-AFA6-1250AEF864BB}.Release|Any CPU.ActiveCfg = Release|Any CPU
		{74D25DA8-0D29-424E-AFA6-1250AEF864BB}.Release|Any CPU.Build.0 = Release|Any CPU
		{8A89F6E9-1CA0-4092-BE45-17CBC51A6A3A}.Debug|Any CPU.ActiveCfg = Debug|Any CPU
		{8A89F6E9-1CA0-4092-BE45-17CBC51A6A3A}.Debug|Any CPU.Build.0 = Debug|Any CPU
		{8A89F6E9-1CA0-4092-BE45-17CBC51A6A3A}.Release|Any CPU.ActiveCfg = Release|Any CPU
		{8A89F6E9-1CA0-4092-BE45-17CBC51A6A3A}.Release|Any CPU.Build.0 = Release|Any CPU
		{E663D88A-1333-4CDC-8D3E-58184140D2C9}.Debug|Any CPU.ActiveCfg = Debug|Any CPU
		{E663D88A-1333-4CDC-8D3E-58184140D2C9}.Debug|Any CPU.Build.0 = Debug|Any CPU
		{E663D88A-1333-4CDC-8D3E-58184140D2C9}.Release|Any CPU.ActiveCfg = Release|Any CPU
		{E663D88A-1333-4CDC-8D3E-58184140D2C9}.Release|Any CPU.Build.0 = Release|Any CPU
		{AFF0A426-18EF-40CC-B0EA-291A2999D2FD}.Debug|Any CPU.ActiveCfg = Debug|Any CPU
		{AFF0A426-18EF-40CC-B0EA-291A2999D2FD}.Debug|Any CPU.Build.0 = Debug|Any CPU
		{AFF0A426-18EF-40CC-B0EA-291A2999D2FD}.Release|Any CPU.ActiveCfg = Release|Any CPU
		{AFF0A426-18EF-40CC-B0EA-291A2999D2FD}.Release|Any CPU.Build.0 = Release|Any CPU
		{2D581219-7D6B-4B99-A0AF-3B9AAB482F36}.Debug|Any CPU.ActiveCfg = Debug|Any CPU
		{2D581219-7D6B-4B99-A0AF-3B9AAB482F36}.Debug|Any CPU.Build.0 = Debug|Any CPU
		{2D581219-7D6B-4B99-A0AF-3B9AAB482F36}.Release|Any CPU.ActiveCfg = Release|Any CPU
		{2D581219-7D6B-4B99-A0AF-3B9AAB482F36}.Release|Any CPU.Build.0 = Release|Any CPU
		{B47BAC00-F5A5-40A1-BD7A-414632B514E8}.Debug|Any CPU.ActiveCfg = Debug|Any CPU
		{B47BAC00-F5A5-40A1-BD7A-414632B514E8}.Debug|Any CPU.Build.0 = Debug|Any CPU
		{B47BAC00-F5A5-40A1-BD7A-414632B514E8}.Release|Any CPU.ActiveCfg = Release|Any CPU
		{B47BAC00-F5A5-40A1-BD7A-414632B514E8}.Release|Any CPU.Build.0 = Release|Any CPU
		{9E49E8AE-E9EA-4702-BCFB-63D12D87D167}.Debug|Any CPU.ActiveCfg = Debug|Any CPU
		{9E49E8AE-E9EA-4702-BCFB-63D12D87D167}.Debug|Any CPU.Build.0 = Debug|Any CPU
		{9E49E8AE-E9EA-4702-BCFB-63D12D87D167}.Release|Any CPU.ActiveCfg = Release|Any CPU
		{9E49E8AE-E9EA-4702-BCFB-63D12D87D167}.Release|Any CPU.Build.0 = Release|Any CPU
		{43626042-A912-43A6-919C-CC27CA852A85}.Debug|Any CPU.ActiveCfg = Debug|Any CPU
		{43626042-A912-43A6-919C-CC27CA852A85}.Debug|Any CPU.Build.0 = Debug|Any CPU
		{43626042-A912-43A6-919C-CC27CA852A85}.Release|Any CPU.ActiveCfg = Release|Any CPU
		{43626042-A912-43A6-919C-CC27CA852A85}.Release|Any CPU.Build.0 = Release|Any CPU
		{3AF69833-A00E-4973-9C55-5B5B68E0177B}.Debug|Any CPU.ActiveCfg = Debug|Any CPU
		{3AF69833-A00E-4973-9C55-5B5B68E0177B}.Debug|Any CPU.Build.0 = Debug|Any CPU
		{3AF69833-A00E-4973-9C55-5B5B68E0177B}.Release|Any CPU.ActiveCfg = Release|Any CPU
		{3AF69833-A00E-4973-9C55-5B5B68E0177B}.Release|Any CPU.Build.0 = Release|Any CPU
		{538F1968-B9D6-43E6-B888-677543F210B3}.Debug|Any CPU.ActiveCfg = Debug|Any CPU
		{538F1968-B9D6-43E6-B888-677543F210B3}.Debug|Any CPU.Build.0 = Debug|Any CPU
		{538F1968-B9D6-43E6-B888-677543F210B3}.Release|Any CPU.ActiveCfg = Release|Any CPU
		{538F1968-B9D6-43E6-B888-677543F210B3}.Release|Any CPU.Build.0 = Release|Any CPU
		{707E22DC-6D79-4110-A7B5-4711313FE9FE}.Debug|Any CPU.ActiveCfg = Debug|Any CPU
		{707E22DC-6D79-4110-A7B5-4711313FE9FE}.Debug|Any CPU.Build.0 = Debug|Any CPU
		{707E22DC-6D79-4110-A7B5-4711313FE9FE}.Release|Any CPU.ActiveCfg = Release|Any CPU
		{707E22DC-6D79-4110-A7B5-4711313FE9FE}.Release|Any CPU.Build.0 = Release|Any CPU
		{B0B38E7C-AEE3-49AE-8B06-FADA2623E2FF}.Debug|Any CPU.ActiveCfg = Debug|Any CPU
		{B0B38E7C-AEE3-49AE-8B06-FADA2623E2FF}.Debug|Any CPU.Build.0 = Debug|Any CPU
		{B0B38E7C-AEE3-49AE-8B06-FADA2623E2FF}.Release|Any CPU.ActiveCfg = Release|Any CPU
		{B0B38E7C-AEE3-49AE-8B06-FADA2623E2FF}.Release|Any CPU.Build.0 = Release|Any CPU
		{49CCCEC6-5100-4114-8ED2-07315341A62B}.Debug|Any CPU.ActiveCfg = Debug|Any CPU
		{49CCCEC6-5100-4114-8ED2-07315341A62B}.Debug|Any CPU.Build.0 = Debug|Any CPU
		{49CCCEC6-5100-4114-8ED2-07315341A62B}.Release|Any CPU.ActiveCfg = Release|Any CPU
		{49CCCEC6-5100-4114-8ED2-07315341A62B}.Release|Any CPU.Build.0 = Release|Any CPU
		{38FDE168-50FD-42CA-BD3A-1E826AAE69DA}.Debug|Any CPU.ActiveCfg = Debug|Any CPU
		{38FDE168-50FD-42CA-BD3A-1E826AAE69DA}.Debug|Any CPU.Build.0 = Debug|Any CPU
		{38FDE168-50FD-42CA-BD3A-1E826AAE69DA}.Release|Any CPU.ActiveCfg = Release|Any CPU
		{38FDE168-50FD-42CA-BD3A-1E826AAE69DA}.Release|Any CPU.Build.0 = Release|Any CPU
		{F7802891-0B6C-4883-8102-0D4C4D9F5FC3}.Debug|Any CPU.ActiveCfg = Debug|Any CPU
		{F7802891-0B6C-4883-8102-0D4C4D9F5FC3}.Debug|Any CPU.Build.0 = Debug|Any CPU
		{F7802891-0B6C-4883-8102-0D4C4D9F5FC3}.Release|Any CPU.ActiveCfg = Release|Any CPU
		{F7802891-0B6C-4883-8102-0D4C4D9F5FC3}.Release|Any CPU.Build.0 = Release|Any CPU
		{029DC8A0-6DF0-4AC4-8D2C-B14AF1007650}.Debug|Any CPU.ActiveCfg = Debug|Any CPU
		{029DC8A0-6DF0-4AC4-8D2C-B14AF1007650}.Debug|Any CPU.Build.0 = Debug|Any CPU
		{029DC8A0-6DF0-4AC4-8D2C-B14AF1007650}.Release|Any CPU.ActiveCfg = Release|Any CPU
		{029DC8A0-6DF0-4AC4-8D2C-B14AF1007650}.Release|Any CPU.Build.0 = Release|Any CPU
		{61B15788-4E36-46C0-8B49-F51E14C167D4}.Debug|Any CPU.ActiveCfg = Debug|Any CPU
		{61B15788-4E36-46C0-8B49-F51E14C167D4}.Debug|Any CPU.Build.0 = Debug|Any CPU
		{61B15788-4E36-46C0-8B49-F51E14C167D4}.Release|Any CPU.ActiveCfg = Release|Any CPU
		{61B15788-4E36-46C0-8B49-F51E14C167D4}.Release|Any CPU.Build.0 = Release|Any CPU
		{78E3AD50-77AB-4FBD-BD05-86D1E80EFFB9}.Debug|Any CPU.ActiveCfg = Debug|Any CPU
		{78E3AD50-77AB-4FBD-BD05-86D1E80EFFB9}.Debug|Any CPU.Build.0 = Debug|Any CPU
		{78E3AD50-77AB-4FBD-BD05-86D1E80EFFB9}.Release|Any CPU.ActiveCfg = Release|Any CPU
		{78E3AD50-77AB-4FBD-BD05-86D1E80EFFB9}.Release|Any CPU.Build.0 = Release|Any CPU
		{3C3410FE-DACC-439C-95D4-5576F2115625}.Debug|Any CPU.ActiveCfg = Debug|Any CPU
		{3C3410FE-DACC-439C-95D4-5576F2115625}.Debug|Any CPU.Build.0 = Debug|Any CPU
		{3C3410FE-DACC-439C-95D4-5576F2115625}.Release|Any CPU.ActiveCfg = Release|Any CPU
		{3C3410FE-DACC-439C-95D4-5576F2115625}.Release|Any CPU.Build.0 = Release|Any CPU
		{136571AD-A10A-4BCF-9FA3-F6EF320BA8D1}.Debug|Any CPU.ActiveCfg = Debug|Any CPU
		{136571AD-A10A-4BCF-9FA3-F6EF320BA8D1}.Debug|Any CPU.Build.0 = Debug|Any CPU
		{136571AD-A10A-4BCF-9FA3-F6EF320BA8D1}.Release|Any CPU.ActiveCfg = Release|Any CPU
		{136571AD-A10A-4BCF-9FA3-F6EF320BA8D1}.Release|Any CPU.Build.0 = Release|Any CPU
		{4646B4E7-D4F5-411E-B26D-F3BEA69AE82B}.Debug|Any CPU.ActiveCfg = Debug|Any CPU
		{4646B4E7-D4F5-411E-B26D-F3BEA69AE82B}.Debug|Any CPU.Build.0 = Debug|Any CPU
		{4646B4E7-D4F5-411E-B26D-F3BEA69AE82B}.Release|Any CPU.ActiveCfg = Release|Any CPU
		{4646B4E7-D4F5-411E-B26D-F3BEA69AE82B}.Release|Any CPU.Build.0 = Release|Any CPU
		{515A918B-E60E-4FC3-951D-787E81B9C2D1}.Debug|Any CPU.ActiveCfg = Debug|Any CPU
		{515A918B-E60E-4FC3-951D-787E81B9C2D1}.Debug|Any CPU.Build.0 = Debug|Any CPU
		{515A918B-E60E-4FC3-951D-787E81B9C2D1}.Release|Any CPU.ActiveCfg = Release|Any CPU
		{515A918B-E60E-4FC3-951D-787E81B9C2D1}.Release|Any CPU.Build.0 = Release|Any CPU
		{0CE7251B-5E75-4E83-A3ED-2E724CC3324B}.Debug|Any CPU.ActiveCfg = Debug|Any CPU
		{0CE7251B-5E75-4E83-A3ED-2E724CC3324B}.Debug|Any CPU.Build.0 = Debug|Any CPU
		{0CE7251B-5E75-4E83-A3ED-2E724CC3324B}.Release|Any CPU.ActiveCfg = Release|Any CPU
		{0CE7251B-5E75-4E83-A3ED-2E724CC3324B}.Release|Any CPU.Build.0 = Release|Any CPU
		{D5347279-4E2B-44D0-83B1-5465E6FCED88}.Debug|Any CPU.ActiveCfg = Debug|Any CPU
		{D5347279-4E2B-44D0-83B1-5465E6FCED88}.Debug|Any CPU.Build.0 = Debug|Any CPU
		{D5347279-4E2B-44D0-83B1-5465E6FCED88}.Release|Any CPU.ActiveCfg = Release|Any CPU
		{D5347279-4E2B-44D0-83B1-5465E6FCED88}.Release|Any CPU.Build.0 = Release|Any CPU
		{BB147C91-F921-44EB-8A03-7DDA9F0BD435}.Debug|Any CPU.ActiveCfg = Debug|Any CPU
		{BB147C91-F921-44EB-8A03-7DDA9F0BD435}.Debug|Any CPU.Build.0 = Debug|Any CPU
		{BB147C91-F921-44EB-8A03-7DDA9F0BD435}.Release|Any CPU.ActiveCfg = Release|Any CPU
		{BB147C91-F921-44EB-8A03-7DDA9F0BD435}.Release|Any CPU.Build.0 = Release|Any CPU
		{4157DE3E-8995-4555-8F84-5BE69DB6233B}.Debug|Any CPU.ActiveCfg = Debug|Any CPU
		{4157DE3E-8995-4555-8F84-5BE69DB6233B}.Debug|Any CPU.Build.0 = Debug|Any CPU
		{4157DE3E-8995-4555-8F84-5BE69DB6233B}.Release|Any CPU.ActiveCfg = Release|Any CPU
		{4157DE3E-8995-4555-8F84-5BE69DB6233B}.Release|Any CPU.Build.0 = Release|Any CPU
		{8A8DB198-52B2-4481-879F-1FD7FA737DD0}.Debug|Any CPU.ActiveCfg = Debug|Any CPU
		{8A8DB198-52B2-4481-879F-1FD7FA737DD0}.Debug|Any CPU.Build.0 = Debug|Any CPU
		{8A8DB198-52B2-4481-879F-1FD7FA737DD0}.Release|Any CPU.ActiveCfg = Release|Any CPU
		{8A8DB198-52B2-4481-879F-1FD7FA737DD0}.Release|Any CPU.Build.0 = Release|Any CPU
		{83D36FCC-2FCA-4AD9-AA81-4608B90B74B0}.Debug|Any CPU.ActiveCfg = Debug|Any CPU
		{83D36FCC-2FCA-4AD9-AA81-4608B90B74B0}.Debug|Any CPU.Build.0 = Debug|Any CPU
		{83D36FCC-2FCA-4AD9-AA81-4608B90B74B0}.Release|Any CPU.ActiveCfg = Release|Any CPU
		{83D36FCC-2FCA-4AD9-AA81-4608B90B74B0}.Release|Any CPU.Build.0 = Release|Any CPU
		{3347BBDA-EF3F-435E-B03D-9806CEC0F1EC}.Debug|Any CPU.ActiveCfg = Debug|Any CPU
		{3347BBDA-EF3F-435E-B03D-9806CEC0F1EC}.Debug|Any CPU.Build.0 = Debug|Any CPU
		{3347BBDA-EF3F-435E-B03D-9806CEC0F1EC}.Release|Any CPU.ActiveCfg = Release|Any CPU
		{3347BBDA-EF3F-435E-B03D-9806CEC0F1EC}.Release|Any CPU.Build.0 = Release|Any CPU
		{441B5058-1377-4C15-BB35-C876C42F5018}.Debug|Any CPU.ActiveCfg = Debug|Any CPU
		{441B5058-1377-4C15-BB35-C876C42F5018}.Debug|Any CPU.Build.0 = Debug|Any CPU
		{441B5058-1377-4C15-BB35-C876C42F5018}.Release|Any CPU.ActiveCfg = Release|Any CPU
		{441B5058-1377-4C15-BB35-C876C42F5018}.Release|Any CPU.Build.0 = Release|Any CPU
		{BC5898BF-9820-446B-A316-268F29135B21}.Debug|Any CPU.ActiveCfg = Debug|Any CPU
		{BC5898BF-9820-446B-A316-268F29135B21}.Debug|Any CPU.Build.0 = Debug|Any CPU
		{BC5898BF-9820-446B-A316-268F29135B21}.Release|Any CPU.ActiveCfg = Release|Any CPU
		{BC5898BF-9820-446B-A316-268F29135B21}.Release|Any CPU.Build.0 = Release|Any CPU
		{E01D2D02-5DF2-4782-9082-2CEFD961A314}.Debug|Any CPU.ActiveCfg = Debug|Any CPU
		{E01D2D02-5DF2-4782-9082-2CEFD961A314}.Debug|Any CPU.Build.0 = Debug|Any CPU
		{E01D2D02-5DF2-4782-9082-2CEFD961A314}.Release|Any CPU.ActiveCfg = Release|Any CPU
		{E01D2D02-5DF2-4782-9082-2CEFD961A314}.Release|Any CPU.Build.0 = Release|Any CPU
		{22E6FF9B-BEE1-4C21-94DE-8FCEF5FEA4BC}.Debug|Any CPU.ActiveCfg = Debug|Any CPU
		{22E6FF9B-BEE1-4C21-94DE-8FCEF5FEA4BC}.Debug|Any CPU.Build.0 = Debug|Any CPU
		{22E6FF9B-BEE1-4C21-94DE-8FCEF5FEA4BC}.Release|Any CPU.ActiveCfg = Release|Any CPU
		{22E6FF9B-BEE1-4C21-94DE-8FCEF5FEA4BC}.Release|Any CPU.Build.0 = Release|Any CPU
		{CC60A853-490E-4A24-BFD7-9D884A63343B}.Debug|Any CPU.ActiveCfg = Debug|Any CPU
		{CC60A853-490E-4A24-BFD7-9D884A63343B}.Debug|Any CPU.Build.0 = Debug|Any CPU
		{CC60A853-490E-4A24-BFD7-9D884A63343B}.Release|Any CPU.ActiveCfg = Release|Any CPU
		{CC60A853-490E-4A24-BFD7-9D884A63343B}.Release|Any CPU.Build.0 = Release|Any CPU
		{E6F4968B-31F7-4F80-A572-13C3B882A0EC}.Debug|Any CPU.ActiveCfg = Debug|Any CPU
		{E6F4968B-31F7-4F80-A572-13C3B882A0EC}.Debug|Any CPU.Build.0 = Debug|Any CPU
		{E6F4968B-31F7-4F80-A572-13C3B882A0EC}.Release|Any CPU.ActiveCfg = Release|Any CPU
		{E6F4968B-31F7-4F80-A572-13C3B882A0EC}.Release|Any CPU.Build.0 = Release|Any CPU
		{4C5E98AF-1571-44F8-857E-B927B5EAFF71}.Debug|Any CPU.ActiveCfg = Debug|Any CPU
		{4C5E98AF-1571-44F8-857E-B927B5EAFF71}.Debug|Any CPU.Build.0 = Debug|Any CPU
		{4C5E98AF-1571-44F8-857E-B927B5EAFF71}.Release|Any CPU.ActiveCfg = Release|Any CPU
		{4C5E98AF-1571-44F8-857E-B927B5EAFF71}.Release|Any CPU.Build.0 = Release|Any CPU
		{1C1B2B2A-EC7F-4533-836C-EADB2DF1085C}.Debug|Any CPU.ActiveCfg = Debug|Any CPU
		{1C1B2B2A-EC7F-4533-836C-EADB2DF1085C}.Debug|Any CPU.Build.0 = Debug|Any CPU
		{1C1B2B2A-EC7F-4533-836C-EADB2DF1085C}.Release|Any CPU.ActiveCfg = Release|Any CPU
		{1C1B2B2A-EC7F-4533-836C-EADB2DF1085C}.Release|Any CPU.Build.0 = Release|Any CPU
		{5C72E44D-8EA3-48B8-901B-DCC7ED0B2369}.Debug|Any CPU.ActiveCfg = Debug|Any CPU
		{5C72E44D-8EA3-48B8-901B-DCC7ED0B2369}.Debug|Any CPU.Build.0 = Debug|Any CPU
		{5C72E44D-8EA3-48B8-901B-DCC7ED0B2369}.Release|Any CPU.ActiveCfg = Release|Any CPU
		{5C72E44D-8EA3-48B8-901B-DCC7ED0B2369}.Release|Any CPU.Build.0 = Release|Any CPU
		{2F812B1A-BA50-4374-A100-98212A037E97}.Debug|Any CPU.ActiveCfg = Debug|Any CPU
		{2F812B1A-BA50-4374-A100-98212A037E97}.Debug|Any CPU.Build.0 = Debug|Any CPU
		{2F812B1A-BA50-4374-A100-98212A037E97}.Release|Any CPU.ActiveCfg = Release|Any CPU
		{2F812B1A-BA50-4374-A100-98212A037E97}.Release|Any CPU.Build.0 = Release|Any CPU
		{F8AD37E0-5508-48F1-BF11-EA07EF562FD6}.Debug|Any CPU.ActiveCfg = Debug|Any CPU
		{F8AD37E0-5508-48F1-BF11-EA07EF562FD6}.Debug|Any CPU.Build.0 = Debug|Any CPU
		{F8AD37E0-5508-48F1-BF11-EA07EF562FD6}.Release|Any CPU.ActiveCfg = Release|Any CPU
		{F8AD37E0-5508-48F1-BF11-EA07EF562FD6}.Release|Any CPU.Build.0 = Release|Any CPU
		{BE667349-B17E-4105-B4EF-D8CD6A074EC7}.Debug|Any CPU.ActiveCfg = Debug|Any CPU
		{BE667349-B17E-4105-B4EF-D8CD6A074EC7}.Debug|Any CPU.Build.0 = Debug|Any CPU
		{BE667349-B17E-4105-B4EF-D8CD6A074EC7}.Release|Any CPU.ActiveCfg = Release|Any CPU
		{BE667349-B17E-4105-B4EF-D8CD6A074EC7}.Release|Any CPU.Build.0 = Release|Any CPU
		{0A3D7CDA-60B5-4EA1-B2D8-5884727FDE1B}.Debug|Any CPU.ActiveCfg = Debug|Any CPU
		{0A3D7CDA-60B5-4EA1-B2D8-5884727FDE1B}.Debug|Any CPU.Build.0 = Debug|Any CPU
		{0A3D7CDA-60B5-4EA1-B2D8-5884727FDE1B}.Release|Any CPU.ActiveCfg = Release|Any CPU
		{0A3D7CDA-60B5-4EA1-B2D8-5884727FDE1B}.Release|Any CPU.Build.0 = Release|Any CPU
	EndGlobalSection
	GlobalSection(SolutionProperties) = preSolution
		HideSolutionNode = FALSE
	EndGlobalSection
	GlobalSection(ExtensibilityGlobals) = postSolution
		SolutionGuid = {19C4DA00-8CFA-4858-8B93-6450956340AE}
	EndGlobalSection
EndGlobal
